
Microsoft Visual Studio Solution File, Format Version 12.00
# Visual Studio Version 16
VisualStudioVersion = 16.0.29411.108
MinimumVisualStudioVersion = 10.0.40219.1
Project("{FAE04EC0-301F-11D3-BF4B-00C04F79EFBC}") = "SherlockAndSquares", "SherlockAndSquares\SherlockAndSquares.csproj", "{473CA049-2AD1-4463-986C-57370C3E3809}"
EndProject
Global
	GlobalSection(SolutionConfigurationPlatforms) = preSolution
		Debug|Any CPU = Debug|Any CPU
		Release|Any CPU = Release|Any CPU
	EndGlobalSection
	GlobalSection(ProjectConfigurationPlatforms) = postSolution
		{473CA049-2AD1-4463-986C-57370C3E3809}.Debug|Any CPU.ActiveCfg = Debug|Any CPU
		{473CA049-2AD1-4463-986C-57370C3E3809}.Debug|Any CPU.Build.0 = Debug|Any CPU
		{473CA049-2AD1-4463-986C-57370C3E3809}.Release|Any CPU.ActiveCfg = Release|Any CPU
		{473CA049-2AD1-4463-986C-57370C3E3809}.Release|Any CPU.Build.0 = Release|Any CPU
	EndGlobalSection
	GlobalSection(SolutionProperties) = preSolution
		HideSolutionNode = FALSE
	EndGlobalSection
	GlobalSection(ExtensibilityGlobals) = postSolution
		SolutionGuid = {D7776CB5-81BE-4F8A-864A-5BE012C4CFB4}
	EndGlobalSection
EndGlobal
