
Microsoft Visual Studio Solution File, Format Version 12.00
# Visual Studio Version 16
VisualStudioVersion = 16.0.29102.190
MinimumVisualStudioVersion = 10.0.40219.1
Project("{FAE04EC0-301F-11D3-BF4B-00C04F79EFBC}") = "SockMerchant", "SockMerchant\SockMerchant.csproj", "{EFA24605-BBB6-4C38-94D8-1A348F098913}"
EndProject
Global
	GlobalSection(SolutionConfigurationPlatforms) = preSolution
		Debug|Any CPU = Debug|Any CPU
		Release|Any CPU = Release|Any CPU
	EndGlobalSection
	GlobalSection(ProjectConfigurationPlatforms) = postSolution
		{EFA24605-BBB6-4C38-94D8-1A348F098913}.Debug|Any CPU.ActiveCfg = Debug|Any CPU
		{EFA24605-BBB6-4C38-94D8-1A348F098913}.Debug|Any CPU.Build.0 = Debug|Any CPU
		{EFA24605-BBB6-4C38-94D8-1A348F098913}.Release|Any CPU.ActiveCfg = Release|Any CPU
		{EFA24605-BBB6-4C38-94D8-1A348F098913}.Release|Any CPU.Build.0 = Release|Any CPU
	EndGlobalSection
	GlobalSection(SolutionProperties) = preSolution
		HideSolutionNode = FALSE
	EndGlobalSection
	GlobalSection(ExtensibilityGlobals) = postSolution
		SolutionGuid = {3C8A6E9D-2B93-49C1-9F99-9699BC80ED81}
	EndGlobalSection
EndGlobal
