
Microsoft Visual Studio Solution File, Format Version 12.00
# Visual Studio Version 16
VisualStudioVersion = 16.0.29418.71
MinimumVisualStudioVersion = 10.0.40219.1
Project("{FAE04EC0-301F-11D3-BF4B-00C04F79EFBC}") = "RepeatedString", "RepeatedString\RepeatedString.csproj", "{B5652029-DC07-475F-9E49-641F2E9B731B}"
EndProject
Global
	GlobalSection(SolutionConfigurationPlatforms) = preSolution
		Debug|Any CPU = Debug|Any CPU
		Release|Any CPU = Release|Any CPU
	EndGlobalSection
	GlobalSection(ProjectConfigurationPlatforms) = postSolution
		{B5652029-DC07-475F-9E49-641F2E9B731B}.Debug|Any CPU.ActiveCfg = Debug|Any CPU
		{B5652029-DC07-475F-9E49-641F2E9B731B}.Debug|Any CPU.Build.0 = Debug|Any CPU
		{B5652029-DC07-475F-9E49-641F2E9B731B}.Release|Any CPU.ActiveCfg = Release|Any CPU
		{B5652029-DC07-475F-9E49-641F2E9B731B}.Release|Any CPU.Build.0 = Release|Any CPU
	EndGlobalSection
	GlobalSection(SolutionProperties) = preSolution
		HideSolutionNode = FALSE
	EndGlobalSection
	GlobalSection(ExtensibilityGlobals) = postSolution
		SolutionGuid = {FB5B5F1A-426F-4FCE-81FE-55994FFCF46E}
	EndGlobalSection
EndGlobal
