
Microsoft Visual Studio Solution File, Format Version 12.00
Project("{2150E333-8FDC-42A3-9474-1A3956D46DE8}") = "30DaysOfCode", "30DaysOfCode", "{21B10989-8EDD-48DC-AA48-0BC60BED84B7}"
EndProject
Project("{FAE04EC0-301F-11D3-BF4B-00C04F79EFBC}") = "Day0_HelloWorld", "30DaysOfCode\Day0_HelloWorld\Day0_HelloWorld.csproj", "{B0329A04-22FA-4725-946E-680A0B23644B}"
EndProject
Project("{FAE04EC0-301F-11D3-BF4B-00C04F79EFBC}") = "Day1_DataTypes", "30DaysOfCode\Day1_DataTypes\Day1_DataTypes.csproj", "{A728DB32-DD92-4836-AB35-D2930844F9B0}"
EndProject
Project("{FAE04EC0-301F-11D3-BF4B-00C04F79EFBC}") = "Day2_Operators", "30DaysOfCode\Day2_Operators\Day2_Operators.csproj", "{6C02E27E-900C-4DF1-96D0-CE77419BDDC7}"
EndProject
Project("{FAE04EC0-301F-11D3-BF4B-00C04F79EFBC}") = "Day3_IntroToConditionalStatements", "30DaysOfCode\Day3_IntroToConditionalStatements\Day3_IntroToConditionalStatements.csproj", "{A927F167-7CAE-467E-BF83-5EEFE86EE235}"
EndProject
Project("{FAE04EC0-301F-11D3-BF4B-00C04F79EFBC}") = "Day4_ClassVs.Instance", "30DaysOfCode\Day4_ClassVs.Instance\Day4_ClassVs.Instance.csproj", "{39EDEDD6-C4A3-4506-A603-06C9BC805FAD}"
EndProject
Project("{FAE04EC0-301F-11D3-BF4B-00C04F79EFBC}") = "Day5_Loops", "30DaysOfCode\Day5_Loops\Day5_Loops.csproj", "{221E1288-0DFE-4E0D-87FE-5EA88B85E705}"
EndProject
Project("{FAE04EC0-301F-11D3-BF4B-00C04F79EFBC}") = "Day6_LetsReview", "30DaysOfCode\Day6_LetsReview\Day6_LetsReview.csproj", "{CFF84CB0-868F-4AF0-88AF-1CD0BA738D5B}"
EndProject
Project("{FAE04EC0-301F-11D3-BF4B-00C04F79EFBC}") = "Day7_Arrays", "30DaysOfCode\Day7_Arrays\Day7_Arrays.csproj", "{C7BB21D2-67CB-485F-87B0-465F1D364537}"
EndProject
Project("{FAE04EC0-301F-11D3-BF4B-00C04F79EFBC}") = "Day8_DictionariesAndMaps", "30DaysOfCode\Day8_DictionariesAndMaps\Day8_DictionariesAndMaps.csproj", "{006A1CD9-6354-4B61-832D-30C1540F85AD}"
EndProject
Project("{FAE04EC0-301F-11D3-BF4B-00C04F79EFBC}") = "Day9_Recursion", "30DaysOfCode\Day9_Recursion\Day9_Recursion.csproj", "{46451B98-7224-4523-A9FE-E325FC74AC7A}"
EndProject
Project("{FAE04EC0-301F-11D3-BF4B-00C04F79EFBC}") = "Day10_BinaryNumbers", "30DaysOfCode\Day10_BinaryNumbers\Day10_BinaryNumbers.csproj", "{61256154-5ADE-4043-A59A-74108937CE08}"
EndProject
Project("{FAE04EC0-301F-11D3-BF4B-00C04F79EFBC}") = "Day11_2DArrays", "30DaysOfCode\Day11_2DArrays\Day11_2DArrays.csproj", "{A2BFADC7-E370-4614-8D39-CB0F84E42362}"
EndProject
Project("{FAE04EC0-301F-11D3-BF4B-00C04F79EFBC}") = "Day12_Inheritance", "30DaysOfCode\Day12_Inheritance\Day12_Inheritance.csproj", "{3128B990-A5F5-4C6C-95DB-9FD4E6F4719C}"
EndProject
Project("{FAE04EC0-301F-11D3-BF4B-00C04F79EFBC}") = "Day13_AbstractClasses", "30DaysOfCode\Day13_AbstractClasses\Day13_AbstractClasses.csproj", "{C057BC1E-6B6F-4A7F-8AEA-46E03CB0DBF3}"
EndProject
Project("{FAE04EC0-301F-11D3-BF4B-00C04F79EFBC}") = "Day14_Scope", "30DaysOfCode\Day14_Scope\Day14_Scope.csproj", "{4A1AD970-C284-43E9-9DD5-D69DC9AEBB61}"
EndProject
Project("{FAE04EC0-301F-11D3-BF4B-00C04F79EFBC}") = "Day15_LinkedList", "30DaysOfCode\Day15_LinkedList\Day15_LinkedList.csproj", "{71E64310-EC3F-4DDF-9961-17198D9D3F7A}"
EndProject
Project("{FAE04EC0-301F-11D3-BF4B-00C04F79EFBC}") = "Day16_Exceptions_StringToInteger", "30DaysOfCode\Day16_Exceptions_StringToInteger\Day16_Exceptions_StringToInteger.csproj", "{C1660453-541A-4A9A-BDF9-13C9DD6FAB51}"
EndProject
Project("{FAE04EC0-301F-11D3-BF4B-00C04F79EFBC}") = "Day17_MoreExceptions", "30DaysOfCode\Day17_MoreExceptions\Day17_MoreExceptions.csproj", "{79E31548-9197-4430-93F7-D41961112C4A}"
EndProject
Project("{FAE04EC0-301F-11D3-BF4B-00C04F79EFBC}") = "Day18_QueuesAndStacks", "30DaysOfCode\Day18_QueuesAndStacks\Day18_QueuesAndStacks.csproj", "{D09A6915-FBB8-4399-8023-B4E2680B71C2}"
EndProject
Project("{FAE04EC0-301F-11D3-BF4B-00C04F79EFBC}") = "Day19_Interfaces", "30DaysOfCode\Day19_Interfaces\Day19_Interfaces.csproj", "{7539504E-EA55-4581-8EC6-0B7368B91A4C}"
EndProject
Project("{FAE04EC0-301F-11D3-BF4B-00C04F79EFBC}") = "Day20_Sorting", "30DaysOfCode\Day20_Sorting\Day20_Sorting.csproj", "{DD9EF9AD-93C8-432E-A2EA-BB4A266A4CFE}"
EndProject
Project("{FAE04EC0-301F-11D3-BF4B-00C04F79EFBC}") = "Day21_Generics", "30DaysOfCode\Day21_Generics\Day21_Generics.csproj", "{39EF953E-F118-4877-A908-98BE7D35859B}"
EndProject
Project("{FAE04EC0-301F-11D3-BF4B-00C04F79EFBC}") = "Day22_BinarySearchTree", "30DaysOfCode\Day22_BinarySearchTree\Day22_BinarySearchTree.csproj", "{9B0D66C0-5C02-42C9-AE26-05B04A4018E8}"
EndProject
Project("{FAE04EC0-301F-11D3-BF4B-00C04F79EFBC}") = "Day23_BTS_Level_Order_Traversal", "30DaysOfCode\Day23_BTS_Level_Order_Traversal\Day23_BTS_Level_Order_Traversal.csproj", "{1F47376F-2F59-49B1-A26A-EFCE54BBC30D}"
EndProject
Project("{FAE04EC0-301F-11D3-BF4B-00C04F79EFBC}") = "Day24_More_Linked_List", "30DaysOfCode\Day24_More_Linked_List\Day24_More_Linked_List.csproj", "{CAF3611A-08C5-409A-9395-0F58D4158D8D}"
EndProject
Project("{FAE04EC0-301F-11D3-BF4B-00C04F79EFBC}") = "Day25_Running_Time_And_Complexity", "30DaysOfCode\Day25_Running_Time_And_Complexity\Day25_Running_Time_And_Complexity.csproj", "{E55C514B-4F2A-4BAF-BCB1-00D0DD8ED354}"
EndProject
Project("{FAE04EC0-301F-11D3-BF4B-00C04F79EFBC}") = "Day26_Nested_Logic", "30DaysOfCode\Day26_Nested_Logic\Day26_Nested_Logic.csproj", "{85D155D8-1B45-4234-BC87-9B2548F0EF91}"
EndProject
Project("{FAE04EC0-301F-11D3-BF4B-00C04F79EFBC}") = "Day28_RegEx__Patterns_and_Intro_to_Databases", "30DaysOfCode\Day28_RegEx__Patterns_and_Intro_to_Databases\Day28_RegEx__Patterns_and_Intro_to_Databases.csproj", "{6941C423-3251-49E8-9598-6887B5C2A57E}"
EndProject
Project("{FAE04EC0-301F-11D3-BF4B-00C04F79EFBC}") = "Day29_ Bitwise_AND", "30DaysOfCode\Day29_ Bitwise_AND\Day29_ Bitwise_AND.csproj", "{052C6B5D-F8C3-43AF-AC41-0E77F747F7A7}"
EndProject
Project("{2150E333-8FDC-42A3-9474-1A3956D46DE8}") = "Easy Questions", "Easy Questions", "{15A7D030-B097-42B2-824A-D7AF23775636}"
EndProject
Project("{FAE04EC0-301F-11D3-BF4B-00C04F79EFBC}") = "A_Very_Big_Sum", "Easy Questions\A_Very_Big_Sum\A_Very_Big_Sum.csproj", "{5DE2755A-581A-415B-A915-8DE9CEF9091A}"
EndProject
Project("{FAE04EC0-301F-11D3-BF4B-00C04F79EFBC}") = "AngryProfessor", "Easy Questions\AngryProfessor\AngryProfessor.csproj", "{2943C6CC-7D43-4E40-84CD-A2E6023C22B5}"
EndProject
Project("{FAE04EC0-301F-11D3-BF4B-00C04F79EFBC}") = "AppleAndOrange", "Easy Questions\AppleAndOrange\AppleAndOrange.csproj", "{6CCD45E2-FB50-4262-A0A1-356598A66A8C}"
EndProject
Project("{FAE04EC0-301F-11D3-BF4B-00C04F79EFBC}") = "ArraysLeftRotation", "Easy Questions\ArraysLeftRotation\ArraysLeftRotation.csproj", "{2E264E10-0190-4E89-8D80-9485788D3749}"
EndProject
Project("{FAE04EC0-301F-11D3-BF4B-00C04F79EFBC}") = "BeautifulDaysAtTheMovies", "Easy Questions\BeautifulDaysAtTheMovies\BeautifulDaysAtTheMovies.csproj", "{8CDBFE76-2D17-403C-8772-FBDCB77B36CF}"
EndProject
Project("{FAE04EC0-301F-11D3-BF4B-00C04F79EFBC}") = "BeautifulTriplets", "Easy Questions\BeautifulTriplets\BeautifulTriplets.csproj", "{D5FC2361-FF05-41E1-83E4-4BAD0841E820}"
EndProject
Project("{FAE04EC0-301F-11D3-BF4B-00C04F79EFBC}") = "BetweenTwoSets", "Easy Questions\BetweenTwoSets\BetweenTwoSets.csproj", "{36640CD3-F2F1-4338-8867-CF0C237BE295}"
EndProject
Project("{FAE04EC0-301F-11D3-BF4B-00C04F79EFBC}") = "Birthday_Cakes", "Easy Questions\Birthday_Cakes\Birthday_Cakes.csproj", "{41C6FF53-B268-4364-9F2F-DA86D2FD20F4}"
EndProject
Project("{FAE04EC0-301F-11D3-BF4B-00C04F79EFBC}") = "BirthdayChocolate", "Easy Questions\BirthdayChocolate\BirthdayChocolate.csproj", "{A6D1D4AB-6F11-456D-9192-BE2438257CF6}"
EndProject
Project("{FAE04EC0-301F-11D3-BF4B-00C04F79EFBC}") = "BonApetit", "Easy Questions\BonApetit\BonApetit.csproj", "{29459263-0B6D-4F6D-8BA2-32C8F4F1F3E2}"
EndProject
Project("{FAE04EC0-301F-11D3-BF4B-00C04F79EFBC}") = "BreakingTheRecords", "Easy Questions\BreakingTheRecords\BreakingTheRecords.csproj", "{D0CA6D3F-45D4-45B7-8619-538F4A1878CB}"
EndProject
Project("{FAE04EC0-301F-11D3-BF4B-00C04F79EFBC}") = "BubbleSort", "Easy Questions\BubbleSort\BubbleSort.csproj", "{79DB5609-BD15-465C-A1A3-D2FAD86DB93E}"
EndProject
Project("{FAE04EC0-301F-11D3-BF4B-00C04F79EFBC}") = "CatsAndAMouse", "Easy Questions\CatsAndAMouse\CatsAndAMouse.csproj", "{6C280ABD-8B3B-4285-963A-1F517769940F}"
EndProject
Project("{FAE04EC0-301F-11D3-BF4B-00C04F79EFBC}") = "CavityMap", "Easy Questions\CavityMap\CavityMap.csproj", "{745BA3F4-6B00-46DE-8D58-2B4D9677552C}"
EndProject
Project("{FAE04EC0-301F-11D3-BF4B-00C04F79EFBC}") = "CircularArrayRotation", "Easy Questions\CircularArrayRotation\CircularArrayRotation.csproj", "{F8553484-7D08-468E-8CED-5CE9EBCC4703}"
EndProject
Project("{FAE04EC0-301F-11D3-BF4B-00C04F79EFBC}") = "CompareTriplets", "Easy Questions\CompareTriplets\CompareTriplets.csproj", "{7A898BA1-2419-4842-BA43-2DF25753FB90}"
EndProject
Project("{FAE04EC0-301F-11D3-BF4B-00C04F79EFBC}") = "CountingValleys", "Easy Questions\CountingValleys\CountingValleys.csproj", "{374C8BFE-8B49-48E9-A613-F880C2FC3B50}"
EndProject
Project("{FAE04EC0-301F-11D3-BF4B-00C04F79EFBC}") = "CutTheSticks", "Easy Questions\CutTheSticks\CutTheSticks.csproj", "{DD4C77D0-8983-46AF-9296-E94F38D0086D}"
EndProject
Project("{FAE04EC0-301F-11D3-BF4B-00C04F79EFBC}") = "DayOfTheProgrammer", "Easy Questions\DayOfTheProgrammer\DayOfTheProgrammer.csproj", "{C270BCF4-C6A3-424A-B71B-8CAA76783CD8}"
EndProject
Project("{FAE04EC0-301F-11D3-BF4B-00C04F79EFBC}") = "DesignerPDFViewer", "Easy Questions\DesignerPDFViewer\DesignerPDFViewer.csproj", "{127EEB67-BC2A-4593-A7D7-2DBEB70B52E0}"
EndProject
Project("{FAE04EC0-301F-11D3-BF4B-00C04F79EFBC}") = "Diagonal_Difference", "Easy Questions\Diagonal_Difference\Diagonal_Difference.csproj", "{874A38B3-7CDA-4EEB-A84D-B0AE7E3B6B51}"
EndProject
Project("{FAE04EC0-301F-11D3-BF4B-00C04F79EFBC}") = "DivisibleSumPairs", "Easy Questions\DivisibleSumPairs\DivisibleSumPairs.csproj", "{716C5FA3-579F-4D83-A981-72753EE3C962}"
EndProject
Project("{FAE04EC0-301F-11D3-BF4B-00C04F79EFBC}") = "DrawingBook", "Easy Questions\DrawingBook\DrawingBook.csproj", "{C051A59B-F0E8-4B7F-A11E-3B140A42F991}"
EndProject
Project("{FAE04EC0-301F-11D3-BF4B-00C04F79EFBC}") = "DynamicArray", "Easy Questions\DynamicArray\DynamicArray.csproj", "{E38864C1-5A5C-48ED-BE5B-D7B3D4F04589}"
EndProject
Project("{FAE04EC0-301F-11D3-BF4B-00C04F79EFBC}") = "ElectronicsShop", "Easy Questions\ElectronicsShop\ElectronicsShop.csproj", "{1FB70B1E-A5E2-468F-8DD7-8FAE911C4F23}"
EndProject
Project("{FAE04EC0-301F-11D3-BF4B-00C04F79EFBC}") = "EqualizeTheArray", "Easy Questions\EqualizeTheArray\EqualizeTheArray.csproj", "{7D137DCF-0211-430F-A9EE-20CED87C7D2B}"
EndProject
Project("{FAE04EC0-301F-11D3-BF4B-00C04F79EFBC}") = "FindDigits", "Easy Questions\FindDigits\FindDigits.csproj", "{F03E9C1A-97B2-45E6-A872-7A74844DC9B7}"
EndProject
Project("{FAE04EC0-301F-11D3-BF4B-00C04F79EFBC}") = "Grading_Students", "Easy Questions\Grading_Students\Grading_Students.csproj", "{55F95804-DB27-43BE-B81B-D78ADEFF958F}"
EndProject
Project("{FAE04EC0-301F-11D3-BF4B-00C04F79EFBC}") = "HurdleRace", "Easy Questions\HurdleRace\HurdleRace.csproj", "{DEA5BF5C-324D-4716-A892-EECC795FCE22}"
EndProject
Project("{FAE04EC0-301F-11D3-BF4B-00C04F79EFBC}") = "JumpingOnTheClouds", "Easy Questions\JumpingOnTheClouds\JumpingOnTheClouds.csproj", "{CA0FE030-1D9A-452A-A6B5-A1743375F9B6}"
EndProject
Project("{FAE04EC0-301F-11D3-BF4B-00C04F79EFBC}") = "JumpingOnTheCloudsRevisited", "Easy Questions\JumpingOnTheCloudsRevisited\JumpingOnTheCloudsRevisited.csproj", "{8D6BBED1-5415-4A10-AEA1-5204FE4B34FC}"
EndProject
Project("{FAE04EC0-301F-11D3-BF4B-00C04F79EFBC}") = "Kangaroo", "Easy Questions\Kangaroo\Kangaroo.csproj", "{E04D7872-6F3C-4D34-A85C-2F17BAA6A318}"
EndProject
Project("{FAE04EC0-301F-11D3-BF4B-00C04F79EFBC}") = "LeftRotation", "Easy Questions\LeftRotation\LeftRotation.csproj", "{F876491D-B452-4F5A-BFB4-EC26CDA10107}"
EndProject
Project("{FAE04EC0-301F-11D3-BF4B-00C04F79EFBC}") = "LibraryFine", "Easy Questions\LibraryFine\LibraryFine.csproj", "{759D8554-14AD-4648-9BAC-3924E07728CC}"
EndProject
Project("{FAE04EC0-301F-11D3-BF4B-00C04F79EFBC}") = "MakingAnagrams", "Easy Questions\MakingAnagrams\MakingAnagrams.csproj", "{BB79BBF3-5B45-413D-BF76-631DEEF860E2}"
EndProject
Project("{FAE04EC0-301F-11D3-BF4B-00C04F79EFBC}") = "MigratoryBirds", "Easy Questions\MigratoryBirds\MigratoryBirds.csproj", "{AD1FC934-D023-43EA-914D-3D501F440D49}"
EndProject
Project("{FAE04EC0-301F-11D3-BF4B-00C04F79EFBC}") = "Mini_Max_Sum", "Easy Questions\Mini_Max_Sum\Mini_Max_Sum.csproj", "{68E6FBC7-E3B3-471D-98DC-9FFA39BEBC6B}"
EndProject
Project("{FAE04EC0-301F-11D3-BF4B-00C04F79EFBC}") = "MinimumAbsoluteDifferenceInAnArray", "Easy Questions\MinimumAbsoluteDifferenceInAnArray\MinimumAbsoluteDifferenceInAnArray.csproj", "{887FC3F0-871F-483F-9FFC-8DA1C2A08E4C}"
EndProject
Project("{FAE04EC0-301F-11D3-BF4B-00C04F79EFBC}") = "MinimumDistances", "Easy Questions\MinimumDistances\MinimumDistances.csproj", "{4C1ACFFC-0935-465C-B262-C7ED2CA60478}"
EndProject
Project("{FAE04EC0-301F-11D3-BF4B-00C04F79EFBC}") = "PickingNumbers", "Easy Questions\PickingNumbers\PickingNumbers.csproj", "{804DEC93-D34A-4D25-B117-983EA3A2AA5C}"
EndProject
Project("{FAE04EC0-301F-11D3-BF4B-00C04F79EFBC}") = "PlusMinus", "Easy Questions\PlusMinus\PlusMinus.csproj", "{A58881BB-886A-4B37-82F1-B786071A710C}"
EndProject
Project("{FAE04EC0-301F-11D3-BF4B-00C04F79EFBC}") = "RansomNote", "Easy Questions\RansomNote\RansomNote.csproj", "{A86B5B1B-B5A4-4C81-A15B-49E6AB2C78F6}"
EndProject
Project("{FAE04EC0-301F-11D3-BF4B-00C04F79EFBC}") = "RepeatedString", "Easy Questions\RepeatedString\RepeatedString.csproj", "{0A6B835D-38FE-4BDA-A821-E69DC7F15E2A}"
EndProject
Project("{FAE04EC0-301F-11D3-BF4B-00C04F79EFBC}") = "SaveThePrisoner", "Easy Questions\SaveThePrisoner\SaveThePrisoner.csproj", "{1CD70433-1A7F-48B3-8B47-A78309BB93F4}"
EndProject
Project("{FAE04EC0-301F-11D3-BF4B-00C04F79EFBC}") = "SequenceEquatiton", "Easy Questions\SequenceEquatiton\SequenceEquatiton.csproj", "{8D79BB2A-F0C2-4B74-8445-7004A8695880}"
EndProject
Project("{FAE04EC0-301F-11D3-BF4B-00C04F79EFBC}") = "ServiceLane", "Easy Questions\ServiceLane\ServiceLane.csproj", "{2880E565-E124-42DA-8CC9-680A2223588A}"
EndProject
Project("{FAE04EC0-301F-11D3-BF4B-00C04F79EFBC}") = "SherlockAndSquares", "Easy Questions\SherlockAndSquares\SherlockAndSquares.csproj", "{174B8A6A-771E-4BE2-BB7F-4D315DCA739A}"
EndProject
Project("{FAE04EC0-301F-11D3-BF4B-00C04F79EFBC}") = "SockMerchant", "Easy Questions\SockMerchant\SockMerchant.csproj", "{EFA24605-BBB6-4C38-94D8-1A348F098913}"
EndProject
Project("{FAE04EC0-301F-11D3-BF4B-00C04F79EFBC}") = "Staircase", "Easy Questions\Staircase\Staircase.csproj", "{87FF8B12-A0F7-430A-8C1F-3AA37726A5FA}"
EndProject
Project("{FAE04EC0-301F-11D3-BF4B-00C04F79EFBC}") = "TheAverageRatingOfTopEmployees", "Easy Questions\TheAverageRatingOfTopEmployees\TheAverageRatingOfTopEmployees.csproj", "{1250CC0E-E8F8-453A-BA84-5C8FBD006142}"
EndProject
Project("{FAE04EC0-301F-11D3-BF4B-00C04F79EFBC}") = "Time_Conversion", "Easy Questions\Time_Conversion\Time_Conversion.csproj", "{BDBBEFB7-071B-456C-B1B4-45990D7812F1}"
EndProject
Project("{FAE04EC0-301F-11D3-BF4B-00C04F79EFBC}") = "TwoStrings", "Easy Questions\TwoStrings\TwoStrings.csproj", "{84F1BE63-D2E4-45C9-97CA-B677080EF733}"
EndProject
Project("{FAE04EC0-301F-11D3-BF4B-00C04F79EFBC}") = "UtopianTree", "Easy Questions\UtopianTree\UtopianTree.csproj", "{B1FDD888-84E8-4BC0-8E9B-C27D9AD1539D}"
EndProject
Project("{FAE04EC0-301F-11D3-BF4B-00C04F79EFBC}") = "ViralAdvertising", "Easy Questions\ViralAdvertising\ViralAdvertising.csproj", "{09B3D432-E38D-4C0A-AF40-28B6E100166D}"
EndProject
Project("{2150E333-8FDC-42A3-9474-1A3956D46DE8}") = "Medium Questions", "Medium Questions", "{0327A809-B147-4F84-8E90-89234246A02B}"
EndProject
Project("{FAE04EC0-301F-11D3-BF4B-00C04F79EFBC}") = "BiggerIsGreater", "Medium Questions\BiggerIsGreater\BiggerIsGreater.csproj", "{F53A2CAD-3CA5-483C-BE0C-C1DE4CD6E4EA}"
EndProject
Project("{FAE04EC0-301F-11D3-BF4B-00C04F79EFBC}") = "Encryption", "Medium Questions\Encryption\Encryption.csproj", "{B22A99F8-CA3D-42C4-B619-A5B4AE882398}"
EndProject
Project("{FAE04EC0-301F-11D3-BF4B-00C04F79EFBC}") = "ExtraLongFactorials", "Medium Questions\ExtraLongFactorials\ExtraLongFactorials.csproj", "{A3EEC259-79D8-47E6-930F-3E762E0864D8}"
EndProject
Project("{FAE04EC0-301F-11D3-BF4B-00C04F79EFBC}") = "MinimumSwaps2", "Medium Questions\MinimumSwaps2\MinimumSwaps2.csproj", "{6190B8D6-0E0D-4DF9-832D-D43D6B567C6B}"
EndProject
Project("{FAE04EC0-301F-11D3-BF4B-00C04F79EFBC}") = "NewYearChaos", "Medium Questions\NewYearChaos\NewYearChaos.csproj", "{360B9480-54DC-4417-B6F1-097C677D98BB}"
EndProject
Project("{FAE04EC0-301F-11D3-BF4B-00C04F79EFBC}") = "OrganizingContainersOfBalls", "Medium Questions\OrganizingContainersOfBalls\OrganizingContainersOfBalls.csproj", "{07D430E5-D71B-4598-A335-1639462CC6A1}"
EndProject
Project("{FAE04EC0-301F-11D3-BF4B-00C04F79EFBC}") = "SparseArrays", "Medium Questions\SparseArrays\SparseArrays.csproj", "{2AB0565D-B50B-43C4-9CF3-FAD9C2174586}"
EndProject
Project("{FAE04EC0-301F-11D3-BF4B-00C04F79EFBC}") = "TheTimeInWords", "Medium Questions\TheTimeInWords\TheTimeInWords.csproj", "{C28DA53C-63BD-4D8C-9B8C-5665D33F516A}"
EndProject
Project("{FAE04EC0-301F-11D3-BF4B-00C04F79EFBC}") = "MarkAndToys", "Easy Questions\MarkAndToys\MarkAndToys.csproj", "{FC405BC9-B338-4291-913F-5B57C7F3B3BA}"
EndProject
Project("{FAE04EC0-301F-11D3-BF4B-00C04F79EFBC}") = "AlternatingCharacters", "Easy Questions\AlternatingCharacters\AlternatingCharacters.csproj", "{DC6B72B1-490D-471E-B899-85161FE6BD5B}"
EndProject
Project("{FAE04EC0-301F-11D3-BF4B-00C04F79EFBC}") = "IceCreamParlor", "Medium Questions\IceCreamParlor\IceCreamParlor.csproj", "{D04435D9-E883-4EF0-BBA0-63FDB0D987B8}"
EndProject
Project("{FAE04EC0-301F-11D3-BF4B-00C04F79EFBC}") = "CountTriplets", "Medium Questions\CountTriplets\CountTriplets.csproj", "{56655A78-5DCA-4537-AB5C-FBFAA56F0239}"
EndProject
Global
	GlobalSection(SolutionConfigurationPlatforms) = preSolution
		Debug|Any CPU = Debug|Any CPU
		Release|Any CPU = Release|Any CPU
	EndGlobalSection
	GlobalSection(NestedProjects) = preSolution
		{B0329A04-22FA-4725-946E-680A0B23644B} = {21B10989-8EDD-48DC-AA48-0BC60BED84B7}
		{A728DB32-DD92-4836-AB35-D2930844F9B0} = {21B10989-8EDD-48DC-AA48-0BC60BED84B7}
		{6C02E27E-900C-4DF1-96D0-CE77419BDDC7} = {21B10989-8EDD-48DC-AA48-0BC60BED84B7}
		{A927F167-7CAE-467E-BF83-5EEFE86EE235} = {21B10989-8EDD-48DC-AA48-0BC60BED84B7}
		{39EDEDD6-C4A3-4506-A603-06C9BC805FAD} = {21B10989-8EDD-48DC-AA48-0BC60BED84B7}
		{221E1288-0DFE-4E0D-87FE-5EA88B85E705} = {21B10989-8EDD-48DC-AA48-0BC60BED84B7}
		{CFF84CB0-868F-4AF0-88AF-1CD0BA738D5B} = {21B10989-8EDD-48DC-AA48-0BC60BED84B7}
		{C7BB21D2-67CB-485F-87B0-465F1D364537} = {21B10989-8EDD-48DC-AA48-0BC60BED84B7}
		{006A1CD9-6354-4B61-832D-30C1540F85AD} = {21B10989-8EDD-48DC-AA48-0BC60BED84B7}
		{46451B98-7224-4523-A9FE-E325FC74AC7A} = {21B10989-8EDD-48DC-AA48-0BC60BED84B7}
		{61256154-5ADE-4043-A59A-74108937CE08} = {21B10989-8EDD-48DC-AA48-0BC60BED84B7}
		{A2BFADC7-E370-4614-8D39-CB0F84E42362} = {21B10989-8EDD-48DC-AA48-0BC60BED84B7}
		{3128B990-A5F5-4C6C-95DB-9FD4E6F4719C} = {21B10989-8EDD-48DC-AA48-0BC60BED84B7}
		{C057BC1E-6B6F-4A7F-8AEA-46E03CB0DBF3} = {21B10989-8EDD-48DC-AA48-0BC60BED84B7}
		{4A1AD970-C284-43E9-9DD5-D69DC9AEBB61} = {21B10989-8EDD-48DC-AA48-0BC60BED84B7}
		{71E64310-EC3F-4DDF-9961-17198D9D3F7A} = {21B10989-8EDD-48DC-AA48-0BC60BED84B7}
		{C1660453-541A-4A9A-BDF9-13C9DD6FAB51} = {21B10989-8EDD-48DC-AA48-0BC60BED84B7}
		{79E31548-9197-4430-93F7-D41961112C4A} = {21B10989-8EDD-48DC-AA48-0BC60BED84B7}
		{D09A6915-FBB8-4399-8023-B4E2680B71C2} = {21B10989-8EDD-48DC-AA48-0BC60BED84B7}
		{7539504E-EA55-4581-8EC6-0B7368B91A4C} = {21B10989-8EDD-48DC-AA48-0BC60BED84B7}
		{DD9EF9AD-93C8-432E-A2EA-BB4A266A4CFE} = {21B10989-8EDD-48DC-AA48-0BC60BED84B7}
		{39EF953E-F118-4877-A908-98BE7D35859B} = {21B10989-8EDD-48DC-AA48-0BC60BED84B7}
		{9B0D66C0-5C02-42C9-AE26-05B04A4018E8} = {21B10989-8EDD-48DC-AA48-0BC60BED84B7}
		{1F47376F-2F59-49B1-A26A-EFCE54BBC30D} = {21B10989-8EDD-48DC-AA48-0BC60BED84B7}
		{CAF3611A-08C5-409A-9395-0F58D4158D8D} = {21B10989-8EDD-48DC-AA48-0BC60BED84B7}
		{E55C514B-4F2A-4BAF-BCB1-00D0DD8ED354} = {21B10989-8EDD-48DC-AA48-0BC60BED84B7}
		{85D155D8-1B45-4234-BC87-9B2548F0EF91} = {21B10989-8EDD-48DC-AA48-0BC60BED84B7}
		{6941C423-3251-49E8-9598-6887B5C2A57E} = {21B10989-8EDD-48DC-AA48-0BC60BED84B7}
		{052C6B5D-F8C3-43AF-AC41-0E77F747F7A7} = {21B10989-8EDD-48DC-AA48-0BC60BED84B7}
		{5DE2755A-581A-415B-A915-8DE9CEF9091A} = {15A7D030-B097-42B2-824A-D7AF23775636}
		{2943C6CC-7D43-4E40-84CD-A2E6023C22B5} = {15A7D030-B097-42B2-824A-D7AF23775636}
		{6CCD45E2-FB50-4262-A0A1-356598A66A8C} = {15A7D030-B097-42B2-824A-D7AF23775636}
		{2E264E10-0190-4E89-8D80-9485788D3749} = {15A7D030-B097-42B2-824A-D7AF23775636}
		{8CDBFE76-2D17-403C-8772-FBDCB77B36CF} = {15A7D030-B097-42B2-824A-D7AF23775636}
		{D5FC2361-FF05-41E1-83E4-4BAD0841E820} = {15A7D030-B097-42B2-824A-D7AF23775636}
		{36640CD3-F2F1-4338-8867-CF0C237BE295} = {15A7D030-B097-42B2-824A-D7AF23775636}
		{41C6FF53-B268-4364-9F2F-DA86D2FD20F4} = {15A7D030-B097-42B2-824A-D7AF23775636}
		{A6D1D4AB-6F11-456D-9192-BE2438257CF6} = {15A7D030-B097-42B2-824A-D7AF23775636}
		{29459263-0B6D-4F6D-8BA2-32C8F4F1F3E2} = {15A7D030-B097-42B2-824A-D7AF23775636}
		{D0CA6D3F-45D4-45B7-8619-538F4A1878CB} = {15A7D030-B097-42B2-824A-D7AF23775636}
		{79DB5609-BD15-465C-A1A3-D2FAD86DB93E} = {15A7D030-B097-42B2-824A-D7AF23775636}
		{6C280ABD-8B3B-4285-963A-1F517769940F} = {15A7D030-B097-42B2-824A-D7AF23775636}
		{745BA3F4-6B00-46DE-8D58-2B4D9677552C} = {15A7D030-B097-42B2-824A-D7AF23775636}
		{F8553484-7D08-468E-8CED-5CE9EBCC4703} = {15A7D030-B097-42B2-824A-D7AF23775636}
		{7A898BA1-2419-4842-BA43-2DF25753FB90} = {15A7D030-B097-42B2-824A-D7AF23775636}
		{374C8BFE-8B49-48E9-A613-F880C2FC3B50} = {15A7D030-B097-42B2-824A-D7AF23775636}
		{DD4C77D0-8983-46AF-9296-E94F38D0086D} = {15A7D030-B097-42B2-824A-D7AF23775636}
		{C270BCF4-C6A3-424A-B71B-8CAA76783CD8} = {15A7D030-B097-42B2-824A-D7AF23775636}
		{127EEB67-BC2A-4593-A7D7-2DBEB70B52E0} = {15A7D030-B097-42B2-824A-D7AF23775636}
		{874A38B3-7CDA-4EEB-A84D-B0AE7E3B6B51} = {15A7D030-B097-42B2-824A-D7AF23775636}
		{716C5FA3-579F-4D83-A981-72753EE3C962} = {15A7D030-B097-42B2-824A-D7AF23775636}
		{C051A59B-F0E8-4B7F-A11E-3B140A42F991} = {15A7D030-B097-42B2-824A-D7AF23775636}
		{E38864C1-5A5C-48ED-BE5B-D7B3D4F04589} = {15A7D030-B097-42B2-824A-D7AF23775636}
		{1FB70B1E-A5E2-468F-8DD7-8FAE911C4F23} = {15A7D030-B097-42B2-824A-D7AF23775636}
		{7D137DCF-0211-430F-A9EE-20CED87C7D2B} = {15A7D030-B097-42B2-824A-D7AF23775636}
		{F03E9C1A-97B2-45E6-A872-7A74844DC9B7} = {15A7D030-B097-42B2-824A-D7AF23775636}
		{55F95804-DB27-43BE-B81B-D78ADEFF958F} = {15A7D030-B097-42B2-824A-D7AF23775636}
		{DEA5BF5C-324D-4716-A892-EECC795FCE22} = {15A7D030-B097-42B2-824A-D7AF23775636}
		{CA0FE030-1D9A-452A-A6B5-A1743375F9B6} = {15A7D030-B097-42B2-824A-D7AF23775636}
		{8D6BBED1-5415-4A10-AEA1-5204FE4B34FC} = {15A7D030-B097-42B2-824A-D7AF23775636}
		{E04D7872-6F3C-4D34-A85C-2F17BAA6A318} = {15A7D030-B097-42B2-824A-D7AF23775636}
		{F876491D-B452-4F5A-BFB4-EC26CDA10107} = {15A7D030-B097-42B2-824A-D7AF23775636}
		{759D8554-14AD-4648-9BAC-3924E07728CC} = {15A7D030-B097-42B2-824A-D7AF23775636}
		{BB79BBF3-5B45-413D-BF76-631DEEF860E2} = {15A7D030-B097-42B2-824A-D7AF23775636}
		{AD1FC934-D023-43EA-914D-3D501F440D49} = {15A7D030-B097-42B2-824A-D7AF23775636}
		{68E6FBC7-E3B3-471D-98DC-9FFA39BEBC6B} = {15A7D030-B097-42B2-824A-D7AF23775636}
		{887FC3F0-871F-483F-9FFC-8DA1C2A08E4C} = {15A7D030-B097-42B2-824A-D7AF23775636}
		{4C1ACFFC-0935-465C-B262-C7ED2CA60478} = {15A7D030-B097-42B2-824A-D7AF23775636}
		{804DEC93-D34A-4D25-B117-983EA3A2AA5C} = {15A7D030-B097-42B2-824A-D7AF23775636}
		{A58881BB-886A-4B37-82F1-B786071A710C} = {15A7D030-B097-42B2-824A-D7AF23775636}
		{A86B5B1B-B5A4-4C81-A15B-49E6AB2C78F6} = {15A7D030-B097-42B2-824A-D7AF23775636}
		{0A6B835D-38FE-4BDA-A821-E69DC7F15E2A} = {15A7D030-B097-42B2-824A-D7AF23775636}
		{1CD70433-1A7F-48B3-8B47-A78309BB93F4} = {15A7D030-B097-42B2-824A-D7AF23775636}
		{8D79BB2A-F0C2-4B74-8445-7004A8695880} = {15A7D030-B097-42B2-824A-D7AF23775636}
		{2880E565-E124-42DA-8CC9-680A2223588A} = {15A7D030-B097-42B2-824A-D7AF23775636}
		{174B8A6A-771E-4BE2-BB7F-4D315DCA739A} = {15A7D030-B097-42B2-824A-D7AF23775636}
		{EFA24605-BBB6-4C38-94D8-1A348F098913} = {15A7D030-B097-42B2-824A-D7AF23775636}
		{87FF8B12-A0F7-430A-8C1F-3AA37726A5FA} = {15A7D030-B097-42B2-824A-D7AF23775636}
		{1250CC0E-E8F8-453A-BA84-5C8FBD006142} = {15A7D030-B097-42B2-824A-D7AF23775636}
		{BDBBEFB7-071B-456C-B1B4-45990D7812F1} = {15A7D030-B097-42B2-824A-D7AF23775636}
		{84F1BE63-D2E4-45C9-97CA-B677080EF733} = {15A7D030-B097-42B2-824A-D7AF23775636}
		{B1FDD888-84E8-4BC0-8E9B-C27D9AD1539D} = {15A7D030-B097-42B2-824A-D7AF23775636}
		{09B3D432-E38D-4C0A-AF40-28B6E100166D} = {15A7D030-B097-42B2-824A-D7AF23775636}
		{F53A2CAD-3CA5-483C-BE0C-C1DE4CD6E4EA} = {0327A809-B147-4F84-8E90-89234246A02B}
		{B22A99F8-CA3D-42C4-B619-A5B4AE882398} = {0327A809-B147-4F84-8E90-89234246A02B}
		{A3EEC259-79D8-47E6-930F-3E762E0864D8} = {0327A809-B147-4F84-8E90-89234246A02B}
		{6190B8D6-0E0D-4DF9-832D-D43D6B567C6B} = {0327A809-B147-4F84-8E90-89234246A02B}
		{360B9480-54DC-4417-B6F1-097C677D98BB} = {0327A809-B147-4F84-8E90-89234246A02B}
		{07D430E5-D71B-4598-A335-1639462CC6A1} = {0327A809-B147-4F84-8E90-89234246A02B}
		{2AB0565D-B50B-43C4-9CF3-FAD9C2174586} = {0327A809-B147-4F84-8E90-89234246A02B}
		{C28DA53C-63BD-4D8C-9B8C-5665D33F516A} = {0327A809-B147-4F84-8E90-89234246A02B}
		{FC405BC9-B338-4291-913F-5B57C7F3B3BA} = {15A7D030-B097-42B2-824A-D7AF23775636}
		{DC6B72B1-490D-471E-B899-85161FE6BD5B} = {15A7D030-B097-42B2-824A-D7AF23775636}
		{D04435D9-E883-4EF0-BBA0-63FDB0D987B8} = {0327A809-B147-4F84-8E90-89234246A02B}
		{56655A78-5DCA-4537-AB5C-FBFAA56F0239} = {0327A809-B147-4F84-8E90-89234246A02B}
	EndGlobalSection
	GlobalSection(ProjectConfigurationPlatforms) = postSolution
		{B0329A04-22FA-4725-946E-680A0B23644B}.Debug|Any CPU.ActiveCfg = Debug|Any CPU
		{B0329A04-22FA-4725-946E-680A0B23644B}.Debug|Any CPU.Build.0 = Debug|Any CPU
		{B0329A04-22FA-4725-946E-680A0B23644B}.Release|Any CPU.ActiveCfg = Release|Any CPU
		{B0329A04-22FA-4725-946E-680A0B23644B}.Release|Any CPU.Build.0 = Release|Any CPU
		{A728DB32-DD92-4836-AB35-D2930844F9B0}.Debug|Any CPU.ActiveCfg = Debug|Any CPU
		{A728DB32-DD92-4836-AB35-D2930844F9B0}.Debug|Any CPU.Build.0 = Debug|Any CPU
		{A728DB32-DD92-4836-AB35-D2930844F9B0}.Release|Any CPU.ActiveCfg = Release|Any CPU
		{A728DB32-DD92-4836-AB35-D2930844F9B0}.Release|Any CPU.Build.0 = Release|Any CPU
		{6C02E27E-900C-4DF1-96D0-CE77419BDDC7}.Debug|Any CPU.ActiveCfg = Debug|Any CPU
		{6C02E27E-900C-4DF1-96D0-CE77419BDDC7}.Debug|Any CPU.Build.0 = Debug|Any CPU
		{6C02E27E-900C-4DF1-96D0-CE77419BDDC7}.Release|Any CPU.ActiveCfg = Release|Any CPU
		{6C02E27E-900C-4DF1-96D0-CE77419BDDC7}.Release|Any CPU.Build.0 = Release|Any CPU
		{A927F167-7CAE-467E-BF83-5EEFE86EE235}.Debug|Any CPU.ActiveCfg = Debug|Any CPU
		{A927F167-7CAE-467E-BF83-5EEFE86EE235}.Debug|Any CPU.Build.0 = Debug|Any CPU
		{A927F167-7CAE-467E-BF83-5EEFE86EE235}.Release|Any CPU.ActiveCfg = Release|Any CPU
		{A927F167-7CAE-467E-BF83-5EEFE86EE235}.Release|Any CPU.Build.0 = Release|Any CPU
		{39EDEDD6-C4A3-4506-A603-06C9BC805FAD}.Debug|Any CPU.ActiveCfg = Debug|Any CPU
		{39EDEDD6-C4A3-4506-A603-06C9BC805FAD}.Debug|Any CPU.Build.0 = Debug|Any CPU
		{39EDEDD6-C4A3-4506-A603-06C9BC805FAD}.Release|Any CPU.ActiveCfg = Release|Any CPU
		{39EDEDD6-C4A3-4506-A603-06C9BC805FAD}.Release|Any CPU.Build.0 = Release|Any CPU
		{221E1288-0DFE-4E0D-87FE-5EA88B85E705}.Debug|Any CPU.ActiveCfg = Debug|Any CPU
		{221E1288-0DFE-4E0D-87FE-5EA88B85E705}.Debug|Any CPU.Build.0 = Debug|Any CPU
		{221E1288-0DFE-4E0D-87FE-5EA88B85E705}.Release|Any CPU.ActiveCfg = Release|Any CPU
		{221E1288-0DFE-4E0D-87FE-5EA88B85E705}.Release|Any CPU.Build.0 = Release|Any CPU
		{CFF84CB0-868F-4AF0-88AF-1CD0BA738D5B}.Debug|Any CPU.ActiveCfg = Debug|Any CPU
		{CFF84CB0-868F-4AF0-88AF-1CD0BA738D5B}.Debug|Any CPU.Build.0 = Debug|Any CPU
		{CFF84CB0-868F-4AF0-88AF-1CD0BA738D5B}.Release|Any CPU.ActiveCfg = Release|Any CPU
		{CFF84CB0-868F-4AF0-88AF-1CD0BA738D5B}.Release|Any CPU.Build.0 = Release|Any CPU
		{C7BB21D2-67CB-485F-87B0-465F1D364537}.Debug|Any CPU.ActiveCfg = Debug|Any CPU
		{C7BB21D2-67CB-485F-87B0-465F1D364537}.Debug|Any CPU.Build.0 = Debug|Any CPU
		{C7BB21D2-67CB-485F-87B0-465F1D364537}.Release|Any CPU.ActiveCfg = Release|Any CPU
		{C7BB21D2-67CB-485F-87B0-465F1D364537}.Release|Any CPU.Build.0 = Release|Any CPU
		{006A1CD9-6354-4B61-832D-30C1540F85AD}.Debug|Any CPU.ActiveCfg = Debug|Any CPU
		{006A1CD9-6354-4B61-832D-30C1540F85AD}.Debug|Any CPU.Build.0 = Debug|Any CPU
		{006A1CD9-6354-4B61-832D-30C1540F85AD}.Release|Any CPU.ActiveCfg = Release|Any CPU
		{006A1CD9-6354-4B61-832D-30C1540F85AD}.Release|Any CPU.Build.0 = Release|Any CPU
		{46451B98-7224-4523-A9FE-E325FC74AC7A}.Debug|Any CPU.ActiveCfg = Debug|Any CPU
		{46451B98-7224-4523-A9FE-E325FC74AC7A}.Debug|Any CPU.Build.0 = Debug|Any CPU
		{46451B98-7224-4523-A9FE-E325FC74AC7A}.Release|Any CPU.ActiveCfg = Release|Any CPU
		{46451B98-7224-4523-A9FE-E325FC74AC7A}.Release|Any CPU.Build.0 = Release|Any CPU
		{61256154-5ADE-4043-A59A-74108937CE08}.Debug|Any CPU.ActiveCfg = Debug|Any CPU
		{61256154-5ADE-4043-A59A-74108937CE08}.Debug|Any CPU.Build.0 = Debug|Any CPU
		{61256154-5ADE-4043-A59A-74108937CE08}.Release|Any CPU.ActiveCfg = Release|Any CPU
		{61256154-5ADE-4043-A59A-74108937CE08}.Release|Any CPU.Build.0 = Release|Any CPU
		{A2BFADC7-E370-4614-8D39-CB0F84E42362}.Debug|Any CPU.ActiveCfg = Debug|Any CPU
		{A2BFADC7-E370-4614-8D39-CB0F84E42362}.Debug|Any CPU.Build.0 = Debug|Any CPU
		{A2BFADC7-E370-4614-8D39-CB0F84E42362}.Release|Any CPU.ActiveCfg = Release|Any CPU
		{A2BFADC7-E370-4614-8D39-CB0F84E42362}.Release|Any CPU.Build.0 = Release|Any CPU
		{3128B990-A5F5-4C6C-95DB-9FD4E6F4719C}.Debug|Any CPU.ActiveCfg = Debug|Any CPU
		{3128B990-A5F5-4C6C-95DB-9FD4E6F4719C}.Debug|Any CPU.Build.0 = Debug|Any CPU
		{3128B990-A5F5-4C6C-95DB-9FD4E6F4719C}.Release|Any CPU.ActiveCfg = Release|Any CPU
		{3128B990-A5F5-4C6C-95DB-9FD4E6F4719C}.Release|Any CPU.Build.0 = Release|Any CPU
		{C057BC1E-6B6F-4A7F-8AEA-46E03CB0DBF3}.Debug|Any CPU.ActiveCfg = Debug|Any CPU
		{C057BC1E-6B6F-4A7F-8AEA-46E03CB0DBF3}.Debug|Any CPU.Build.0 = Debug|Any CPU
		{C057BC1E-6B6F-4A7F-8AEA-46E03CB0DBF3}.Release|Any CPU.ActiveCfg = Release|Any CPU
		{C057BC1E-6B6F-4A7F-8AEA-46E03CB0DBF3}.Release|Any CPU.Build.0 = Release|Any CPU
		{4A1AD970-C284-43E9-9DD5-D69DC9AEBB61}.Debug|Any CPU.ActiveCfg = Debug|Any CPU
		{4A1AD970-C284-43E9-9DD5-D69DC9AEBB61}.Debug|Any CPU.Build.0 = Debug|Any CPU
		{4A1AD970-C284-43E9-9DD5-D69DC9AEBB61}.Release|Any CPU.ActiveCfg = Release|Any CPU
		{4A1AD970-C284-43E9-9DD5-D69DC9AEBB61}.Release|Any CPU.Build.0 = Release|Any CPU
		{71E64310-EC3F-4DDF-9961-17198D9D3F7A}.Debug|Any CPU.ActiveCfg = Debug|Any CPU
		{71E64310-EC3F-4DDF-9961-17198D9D3F7A}.Debug|Any CPU.Build.0 = Debug|Any CPU
		{71E64310-EC3F-4DDF-9961-17198D9D3F7A}.Release|Any CPU.ActiveCfg = Release|Any CPU
		{71E64310-EC3F-4DDF-9961-17198D9D3F7A}.Release|Any CPU.Build.0 = Release|Any CPU
		{C1660453-541A-4A9A-BDF9-13C9DD6FAB51}.Debug|Any CPU.ActiveCfg = Debug|Any CPU
		{C1660453-541A-4A9A-BDF9-13C9DD6FAB51}.Debug|Any CPU.Build.0 = Debug|Any CPU
		{C1660453-541A-4A9A-BDF9-13C9DD6FAB51}.Release|Any CPU.ActiveCfg = Release|Any CPU
		{C1660453-541A-4A9A-BDF9-13C9DD6FAB51}.Release|Any CPU.Build.0 = Release|Any CPU
		{79E31548-9197-4430-93F7-D41961112C4A}.Debug|Any CPU.ActiveCfg = Debug|Any CPU
		{79E31548-9197-4430-93F7-D41961112C4A}.Debug|Any CPU.Build.0 = Debug|Any CPU
		{79E31548-9197-4430-93F7-D41961112C4A}.Release|Any CPU.ActiveCfg = Release|Any CPU
		{79E31548-9197-4430-93F7-D41961112C4A}.Release|Any CPU.Build.0 = Release|Any CPU
		{D09A6915-FBB8-4399-8023-B4E2680B71C2}.Debug|Any CPU.ActiveCfg = Debug|Any CPU
		{D09A6915-FBB8-4399-8023-B4E2680B71C2}.Debug|Any CPU.Build.0 = Debug|Any CPU
		{D09A6915-FBB8-4399-8023-B4E2680B71C2}.Release|Any CPU.ActiveCfg = Release|Any CPU
		{D09A6915-FBB8-4399-8023-B4E2680B71C2}.Release|Any CPU.Build.0 = Release|Any CPU
		{7539504E-EA55-4581-8EC6-0B7368B91A4C}.Debug|Any CPU.ActiveCfg = Debug|Any CPU
		{7539504E-EA55-4581-8EC6-0B7368B91A4C}.Debug|Any CPU.Build.0 = Debug|Any CPU
		{7539504E-EA55-4581-8EC6-0B7368B91A4C}.Release|Any CPU.ActiveCfg = Release|Any CPU
		{7539504E-EA55-4581-8EC6-0B7368B91A4C}.Release|Any CPU.Build.0 = Release|Any CPU
		{DD9EF9AD-93C8-432E-A2EA-BB4A266A4CFE}.Debug|Any CPU.ActiveCfg = Debug|Any CPU
		{DD9EF9AD-93C8-432E-A2EA-BB4A266A4CFE}.Debug|Any CPU.Build.0 = Debug|Any CPU
		{DD9EF9AD-93C8-432E-A2EA-BB4A266A4CFE}.Release|Any CPU.ActiveCfg = Release|Any CPU
		{DD9EF9AD-93C8-432E-A2EA-BB4A266A4CFE}.Release|Any CPU.Build.0 = Release|Any CPU
		{39EF953E-F118-4877-A908-98BE7D35859B}.Debug|Any CPU.ActiveCfg = Debug|Any CPU
		{39EF953E-F118-4877-A908-98BE7D35859B}.Debug|Any CPU.Build.0 = Debug|Any CPU
		{39EF953E-F118-4877-A908-98BE7D35859B}.Release|Any CPU.ActiveCfg = Release|Any CPU
		{39EF953E-F118-4877-A908-98BE7D35859B}.Release|Any CPU.Build.0 = Release|Any CPU
		{9B0D66C0-5C02-42C9-AE26-05B04A4018E8}.Debug|Any CPU.ActiveCfg = Debug|Any CPU
		{9B0D66C0-5C02-42C9-AE26-05B04A4018E8}.Debug|Any CPU.Build.0 = Debug|Any CPU
		{9B0D66C0-5C02-42C9-AE26-05B04A4018E8}.Release|Any CPU.ActiveCfg = Release|Any CPU
		{9B0D66C0-5C02-42C9-AE26-05B04A4018E8}.Release|Any CPU.Build.0 = Release|Any CPU
		{1F47376F-2F59-49B1-A26A-EFCE54BBC30D}.Debug|Any CPU.ActiveCfg = Debug|Any CPU
		{1F47376F-2F59-49B1-A26A-EFCE54BBC30D}.Debug|Any CPU.Build.0 = Debug|Any CPU
		{1F47376F-2F59-49B1-A26A-EFCE54BBC30D}.Release|Any CPU.ActiveCfg = Release|Any CPU
		{1F47376F-2F59-49B1-A26A-EFCE54BBC30D}.Release|Any CPU.Build.0 = Release|Any CPU
		{CAF3611A-08C5-409A-9395-0F58D4158D8D}.Debug|Any CPU.ActiveCfg = Debug|Any CPU
		{CAF3611A-08C5-409A-9395-0F58D4158D8D}.Debug|Any CPU.Build.0 = Debug|Any CPU
		{CAF3611A-08C5-409A-9395-0F58D4158D8D}.Release|Any CPU.ActiveCfg = Release|Any CPU
		{CAF3611A-08C5-409A-9395-0F58D4158D8D}.Release|Any CPU.Build.0 = Release|Any CPU
		{E55C514B-4F2A-4BAF-BCB1-00D0DD8ED354}.Debug|Any CPU.ActiveCfg = Debug|Any CPU
		{E55C514B-4F2A-4BAF-BCB1-00D0DD8ED354}.Debug|Any CPU.Build.0 = Debug|Any CPU
		{E55C514B-4F2A-4BAF-BCB1-00D0DD8ED354}.Release|Any CPU.ActiveCfg = Release|Any CPU
		{E55C514B-4F2A-4BAF-BCB1-00D0DD8ED354}.Release|Any CPU.Build.0 = Release|Any CPU
		{85D155D8-1B45-4234-BC87-9B2548F0EF91}.Debug|Any CPU.ActiveCfg = Debug|Any CPU
		{85D155D8-1B45-4234-BC87-9B2548F0EF91}.Debug|Any CPU.Build.0 = Debug|Any CPU
		{85D155D8-1B45-4234-BC87-9B2548F0EF91}.Release|Any CPU.ActiveCfg = Release|Any CPU
		{85D155D8-1B45-4234-BC87-9B2548F0EF91}.Release|Any CPU.Build.0 = Release|Any CPU
		{6941C423-3251-49E8-9598-6887B5C2A57E}.Debug|Any CPU.ActiveCfg = Debug|Any CPU
		{6941C423-3251-49E8-9598-6887B5C2A57E}.Debug|Any CPU.Build.0 = Debug|Any CPU
		{6941C423-3251-49E8-9598-6887B5C2A57E}.Release|Any CPU.ActiveCfg = Release|Any CPU
		{6941C423-3251-49E8-9598-6887B5C2A57E}.Release|Any CPU.Build.0 = Release|Any CPU
		{052C6B5D-F8C3-43AF-AC41-0E77F747F7A7}.Debug|Any CPU.ActiveCfg = Debug|Any CPU
		{052C6B5D-F8C3-43AF-AC41-0E77F747F7A7}.Debug|Any CPU.Build.0 = Debug|Any CPU
		{052C6B5D-F8C3-43AF-AC41-0E77F747F7A7}.Release|Any CPU.ActiveCfg = Release|Any CPU
		{052C6B5D-F8C3-43AF-AC41-0E77F747F7A7}.Release|Any CPU.Build.0 = Release|Any CPU
		{5DE2755A-581A-415B-A915-8DE9CEF9091A}.Debug|Any CPU.ActiveCfg = Debug|Any CPU
		{5DE2755A-581A-415B-A915-8DE9CEF9091A}.Debug|Any CPU.Build.0 = Debug|Any CPU
		{5DE2755A-581A-415B-A915-8DE9CEF9091A}.Release|Any CPU.ActiveCfg = Release|Any CPU
		{5DE2755A-581A-415B-A915-8DE9CEF9091A}.Release|Any CPU.Build.0 = Release|Any CPU
		{2943C6CC-7D43-4E40-84CD-A2E6023C22B5}.Debug|Any CPU.ActiveCfg = Debug|Any CPU
		{2943C6CC-7D43-4E40-84CD-A2E6023C22B5}.Debug|Any CPU.Build.0 = Debug|Any CPU
		{2943C6CC-7D43-4E40-84CD-A2E6023C22B5}.Release|Any CPU.ActiveCfg = Release|Any CPU
		{2943C6CC-7D43-4E40-84CD-A2E6023C22B5}.Release|Any CPU.Build.0 = Release|Any CPU
		{6CCD45E2-FB50-4262-A0A1-356598A66A8C}.Debug|Any CPU.ActiveCfg = Debug|Any CPU
		{6CCD45E2-FB50-4262-A0A1-356598A66A8C}.Debug|Any CPU.Build.0 = Debug|Any CPU
		{6CCD45E2-FB50-4262-A0A1-356598A66A8C}.Release|Any CPU.ActiveCfg = Release|Any CPU
		{6CCD45E2-FB50-4262-A0A1-356598A66A8C}.Release|Any CPU.Build.0 = Release|Any CPU
		{2E264E10-0190-4E89-8D80-9485788D3749}.Debug|Any CPU.ActiveCfg = Debug|Any CPU
		{2E264E10-0190-4E89-8D80-9485788D3749}.Debug|Any CPU.Build.0 = Debug|Any CPU
		{2E264E10-0190-4E89-8D80-9485788D3749}.Release|Any CPU.ActiveCfg = Release|Any CPU
		{2E264E10-0190-4E89-8D80-9485788D3749}.Release|Any CPU.Build.0 = Release|Any CPU
		{8CDBFE76-2D17-403C-8772-FBDCB77B36CF}.Debug|Any CPU.ActiveCfg = Debug|Any CPU
		{8CDBFE76-2D17-403C-8772-FBDCB77B36CF}.Debug|Any CPU.Build.0 = Debug|Any CPU
		{8CDBFE76-2D17-403C-8772-FBDCB77B36CF}.Release|Any CPU.ActiveCfg = Release|Any CPU
		{8CDBFE76-2D17-403C-8772-FBDCB77B36CF}.Release|Any CPU.Build.0 = Release|Any CPU
		{D5FC2361-FF05-41E1-83E4-4BAD0841E820}.Debug|Any CPU.ActiveCfg = Debug|Any CPU
		{D5FC2361-FF05-41E1-83E4-4BAD0841E820}.Debug|Any CPU.Build.0 = Debug|Any CPU
		{D5FC2361-FF05-41E1-83E4-4BAD0841E820}.Release|Any CPU.ActiveCfg = Release|Any CPU
		{D5FC2361-FF05-41E1-83E4-4BAD0841E820}.Release|Any CPU.Build.0 = Release|Any CPU
		{36640CD3-F2F1-4338-8867-CF0C237BE295}.Debug|Any CPU.ActiveCfg = Debug|Any CPU
		{36640CD3-F2F1-4338-8867-CF0C237BE295}.Debug|Any CPU.Build.0 = Debug|Any CPU
		{36640CD3-F2F1-4338-8867-CF0C237BE295}.Release|Any CPU.ActiveCfg = Release|Any CPU
		{36640CD3-F2F1-4338-8867-CF0C237BE295}.Release|Any CPU.Build.0 = Release|Any CPU
		{41C6FF53-B268-4364-9F2F-DA86D2FD20F4}.Debug|Any CPU.ActiveCfg = Debug|Any CPU
		{41C6FF53-B268-4364-9F2F-DA86D2FD20F4}.Debug|Any CPU.Build.0 = Debug|Any CPU
		{41C6FF53-B268-4364-9F2F-DA86D2FD20F4}.Release|Any CPU.ActiveCfg = Release|Any CPU
		{41C6FF53-B268-4364-9F2F-DA86D2FD20F4}.Release|Any CPU.Build.0 = Release|Any CPU
		{A6D1D4AB-6F11-456D-9192-BE2438257CF6}.Debug|Any CPU.ActiveCfg = Debug|Any CPU
		{A6D1D4AB-6F11-456D-9192-BE2438257CF6}.Debug|Any CPU.Build.0 = Debug|Any CPU
		{A6D1D4AB-6F11-456D-9192-BE2438257CF6}.Release|Any CPU.ActiveCfg = Release|Any CPU
		{A6D1D4AB-6F11-456D-9192-BE2438257CF6}.Release|Any CPU.Build.0 = Release|Any CPU
		{29459263-0B6D-4F6D-8BA2-32C8F4F1F3E2}.Debug|Any CPU.ActiveCfg = Debug|Any CPU
		{29459263-0B6D-4F6D-8BA2-32C8F4F1F3E2}.Debug|Any CPU.Build.0 = Debug|Any CPU
		{29459263-0B6D-4F6D-8BA2-32C8F4F1F3E2}.Release|Any CPU.ActiveCfg = Release|Any CPU
		{29459263-0B6D-4F6D-8BA2-32C8F4F1F3E2}.Release|Any CPU.Build.0 = Release|Any CPU
		{D0CA6D3F-45D4-45B7-8619-538F4A1878CB}.Debug|Any CPU.ActiveCfg = Debug|Any CPU
		{D0CA6D3F-45D4-45B7-8619-538F4A1878CB}.Debug|Any CPU.Build.0 = Debug|Any CPU
		{D0CA6D3F-45D4-45B7-8619-538F4A1878CB}.Release|Any CPU.ActiveCfg = Release|Any CPU
		{D0CA6D3F-45D4-45B7-8619-538F4A1878CB}.Release|Any CPU.Build.0 = Release|Any CPU
		{79DB5609-BD15-465C-A1A3-D2FAD86DB93E}.Debug|Any CPU.ActiveCfg = Debug|Any CPU
		{79DB5609-BD15-465C-A1A3-D2FAD86DB93E}.Debug|Any CPU.Build.0 = Debug|Any CPU
		{79DB5609-BD15-465C-A1A3-D2FAD86DB93E}.Release|Any CPU.ActiveCfg = Release|Any CPU
		{79DB5609-BD15-465C-A1A3-D2FAD86DB93E}.Release|Any CPU.Build.0 = Release|Any CPU
		{6C280ABD-8B3B-4285-963A-1F517769940F}.Debug|Any CPU.ActiveCfg = Debug|Any CPU
		{6C280ABD-8B3B-4285-963A-1F517769940F}.Debug|Any CPU.Build.0 = Debug|Any CPU
		{6C280ABD-8B3B-4285-963A-1F517769940F}.Release|Any CPU.ActiveCfg = Release|Any CPU
		{6C280ABD-8B3B-4285-963A-1F517769940F}.Release|Any CPU.Build.0 = Release|Any CPU
		{745BA3F4-6B00-46DE-8D58-2B4D9677552C}.Debug|Any CPU.ActiveCfg = Debug|Any CPU
		{745BA3F4-6B00-46DE-8D58-2B4D9677552C}.Debug|Any CPU.Build.0 = Debug|Any CPU
		{745BA3F4-6B00-46DE-8D58-2B4D9677552C}.Release|Any CPU.ActiveCfg = Release|Any CPU
		{745BA3F4-6B00-46DE-8D58-2B4D9677552C}.Release|Any CPU.Build.0 = Release|Any CPU
		{F8553484-7D08-468E-8CED-5CE9EBCC4703}.Debug|Any CPU.ActiveCfg = Debug|Any CPU
		{F8553484-7D08-468E-8CED-5CE9EBCC4703}.Debug|Any CPU.Build.0 = Debug|Any CPU
		{F8553484-7D08-468E-8CED-5CE9EBCC4703}.Release|Any CPU.ActiveCfg = Release|Any CPU
		{F8553484-7D08-468E-8CED-5CE9EBCC4703}.Release|Any CPU.Build.0 = Release|Any CPU
		{7A898BA1-2419-4842-BA43-2DF25753FB90}.Debug|Any CPU.ActiveCfg = Debug|Any CPU
		{7A898BA1-2419-4842-BA43-2DF25753FB90}.Debug|Any CPU.Build.0 = Debug|Any CPU
		{7A898BA1-2419-4842-BA43-2DF25753FB90}.Release|Any CPU.ActiveCfg = Release|Any CPU
		{7A898BA1-2419-4842-BA43-2DF25753FB90}.Release|Any CPU.Build.0 = Release|Any CPU
		{374C8BFE-8B49-48E9-A613-F880C2FC3B50}.Debug|Any CPU.ActiveCfg = Debug|Any CPU
		{374C8BFE-8B49-48E9-A613-F880C2FC3B50}.Debug|Any CPU.Build.0 = Debug|Any CPU
		{374C8BFE-8B49-48E9-A613-F880C2FC3B50}.Release|Any CPU.ActiveCfg = Release|Any CPU
		{374C8BFE-8B49-48E9-A613-F880C2FC3B50}.Release|Any CPU.Build.0 = Release|Any CPU
		{DD4C77D0-8983-46AF-9296-E94F38D0086D}.Debug|Any CPU.ActiveCfg = Debug|Any CPU
		{DD4C77D0-8983-46AF-9296-E94F38D0086D}.Debug|Any CPU.Build.0 = Debug|Any CPU
		{DD4C77D0-8983-46AF-9296-E94F38D0086D}.Release|Any CPU.ActiveCfg = Release|Any CPU
		{DD4C77D0-8983-46AF-9296-E94F38D0086D}.Release|Any CPU.Build.0 = Release|Any CPU
		{C270BCF4-C6A3-424A-B71B-8CAA76783CD8}.Debug|Any CPU.ActiveCfg = Debug|Any CPU
		{C270BCF4-C6A3-424A-B71B-8CAA76783CD8}.Debug|Any CPU.Build.0 = Debug|Any CPU
		{C270BCF4-C6A3-424A-B71B-8CAA76783CD8}.Release|Any CPU.ActiveCfg = Release|Any CPU
		{C270BCF4-C6A3-424A-B71B-8CAA76783CD8}.Release|Any CPU.Build.0 = Release|Any CPU
		{127EEB67-BC2A-4593-A7D7-2DBEB70B52E0}.Debug|Any CPU.ActiveCfg = Debug|Any CPU
		{127EEB67-BC2A-4593-A7D7-2DBEB70B52E0}.Debug|Any CPU.Build.0 = Debug|Any CPU
		{127EEB67-BC2A-4593-A7D7-2DBEB70B52E0}.Release|Any CPU.ActiveCfg = Release|Any CPU
		{127EEB67-BC2A-4593-A7D7-2DBEB70B52E0}.Release|Any CPU.Build.0 = Release|Any CPU
		{874A38B3-7CDA-4EEB-A84D-B0AE7E3B6B51}.Debug|Any CPU.ActiveCfg = Debug|Any CPU
		{874A38B3-7CDA-4EEB-A84D-B0AE7E3B6B51}.Debug|Any CPU.Build.0 = Debug|Any CPU
		{874A38B3-7CDA-4EEB-A84D-B0AE7E3B6B51}.Release|Any CPU.ActiveCfg = Release|Any CPU
		{874A38B3-7CDA-4EEB-A84D-B0AE7E3B6B51}.Release|Any CPU.Build.0 = Release|Any CPU
		{716C5FA3-579F-4D83-A981-72753EE3C962}.Debug|Any CPU.ActiveCfg = Debug|Any CPU
		{716C5FA3-579F-4D83-A981-72753EE3C962}.Debug|Any CPU.Build.0 = Debug|Any CPU
		{716C5FA3-579F-4D83-A981-72753EE3C962}.Release|Any CPU.ActiveCfg = Release|Any CPU
		{716C5FA3-579F-4D83-A981-72753EE3C962}.Release|Any CPU.Build.0 = Release|Any CPU
		{C051A59B-F0E8-4B7F-A11E-3B140A42F991}.Debug|Any CPU.ActiveCfg = Debug|Any CPU
		{C051A59B-F0E8-4B7F-A11E-3B140A42F991}.Debug|Any CPU.Build.0 = Debug|Any CPU
		{C051A59B-F0E8-4B7F-A11E-3B140A42F991}.Release|Any CPU.ActiveCfg = Release|Any CPU
		{C051A59B-F0E8-4B7F-A11E-3B140A42F991}.Release|Any CPU.Build.0 = Release|Any CPU
		{E38864C1-5A5C-48ED-BE5B-D7B3D4F04589}.Debug|Any CPU.ActiveCfg = Debug|Any CPU
		{E38864C1-5A5C-48ED-BE5B-D7B3D4F04589}.Debug|Any CPU.Build.0 = Debug|Any CPU
		{E38864C1-5A5C-48ED-BE5B-D7B3D4F04589}.Release|Any CPU.ActiveCfg = Release|Any CPU
		{E38864C1-5A5C-48ED-BE5B-D7B3D4F04589}.Release|Any CPU.Build.0 = Release|Any CPU
		{1FB70B1E-A5E2-468F-8DD7-8FAE911C4F23}.Debug|Any CPU.ActiveCfg = Debug|Any CPU
		{1FB70B1E-A5E2-468F-8DD7-8FAE911C4F23}.Debug|Any CPU.Build.0 = Debug|Any CPU
		{1FB70B1E-A5E2-468F-8DD7-8FAE911C4F23}.Release|Any CPU.ActiveCfg = Release|Any CPU
		{1FB70B1E-A5E2-468F-8DD7-8FAE911C4F23}.Release|Any CPU.Build.0 = Release|Any CPU
		{7D137DCF-0211-430F-A9EE-20CED87C7D2B}.Debug|Any CPU.ActiveCfg = Debug|Any CPU
		{7D137DCF-0211-430F-A9EE-20CED87C7D2B}.Debug|Any CPU.Build.0 = Debug|Any CPU
		{7D137DCF-0211-430F-A9EE-20CED87C7D2B}.Release|Any CPU.ActiveCfg = Release|Any CPU
		{7D137DCF-0211-430F-A9EE-20CED87C7D2B}.Release|Any CPU.Build.0 = Release|Any CPU
		{F03E9C1A-97B2-45E6-A872-7A74844DC9B7}.Debug|Any CPU.ActiveCfg = Debug|Any CPU
		{F03E9C1A-97B2-45E6-A872-7A74844DC9B7}.Debug|Any CPU.Build.0 = Debug|Any CPU
		{F03E9C1A-97B2-45E6-A872-7A74844DC9B7}.Release|Any CPU.ActiveCfg = Release|Any CPU
		{F03E9C1A-97B2-45E6-A872-7A74844DC9B7}.Release|Any CPU.Build.0 = Release|Any CPU
		{55F95804-DB27-43BE-B81B-D78ADEFF958F}.Debug|Any CPU.ActiveCfg = Debug|Any CPU
		{55F95804-DB27-43BE-B81B-D78ADEFF958F}.Debug|Any CPU.Build.0 = Debug|Any CPU
		{55F95804-DB27-43BE-B81B-D78ADEFF958F}.Release|Any CPU.ActiveCfg = Release|Any CPU
		{55F95804-DB27-43BE-B81B-D78ADEFF958F}.Release|Any CPU.Build.0 = Release|Any CPU
		{DEA5BF5C-324D-4716-A892-EECC795FCE22}.Debug|Any CPU.ActiveCfg = Debug|Any CPU
		{DEA5BF5C-324D-4716-A892-EECC795FCE22}.Debug|Any CPU.Build.0 = Debug|Any CPU
		{DEA5BF5C-324D-4716-A892-EECC795FCE22}.Release|Any CPU.ActiveCfg = Release|Any CPU
		{DEA5BF5C-324D-4716-A892-EECC795FCE22}.Release|Any CPU.Build.0 = Release|Any CPU
		{CA0FE030-1D9A-452A-A6B5-A1743375F9B6}.Debug|Any CPU.ActiveCfg = Debug|Any CPU
		{CA0FE030-1D9A-452A-A6B5-A1743375F9B6}.Debug|Any CPU.Build.0 = Debug|Any CPU
		{CA0FE030-1D9A-452A-A6B5-A1743375F9B6}.Release|Any CPU.ActiveCfg = Release|Any CPU
		{CA0FE030-1D9A-452A-A6B5-A1743375F9B6}.Release|Any CPU.Build.0 = Release|Any CPU
		{8D6BBED1-5415-4A10-AEA1-5204FE4B34FC}.Debug|Any CPU.ActiveCfg = Debug|Any CPU
		{8D6BBED1-5415-4A10-AEA1-5204FE4B34FC}.Debug|Any CPU.Build.0 = Debug|Any CPU
		{8D6BBED1-5415-4A10-AEA1-5204FE4B34FC}.Release|Any CPU.ActiveCfg = Release|Any CPU
		{8D6BBED1-5415-4A10-AEA1-5204FE4B34FC}.Release|Any CPU.Build.0 = Release|Any CPU
		{E04D7872-6F3C-4D34-A85C-2F17BAA6A318}.Debug|Any CPU.ActiveCfg = Debug|Any CPU
		{E04D7872-6F3C-4D34-A85C-2F17BAA6A318}.Debug|Any CPU.Build.0 = Debug|Any CPU
		{E04D7872-6F3C-4D34-A85C-2F17BAA6A318}.Release|Any CPU.ActiveCfg = Release|Any CPU
		{E04D7872-6F3C-4D34-A85C-2F17BAA6A318}.Release|Any CPU.Build.0 = Release|Any CPU
		{F876491D-B452-4F5A-BFB4-EC26CDA10107}.Debug|Any CPU.ActiveCfg = Debug|Any CPU
		{F876491D-B452-4F5A-BFB4-EC26CDA10107}.Debug|Any CPU.Build.0 = Debug|Any CPU
		{F876491D-B452-4F5A-BFB4-EC26CDA10107}.Release|Any CPU.ActiveCfg = Release|Any CPU
		{F876491D-B452-4F5A-BFB4-EC26CDA10107}.Release|Any CPU.Build.0 = Release|Any CPU
		{759D8554-14AD-4648-9BAC-3924E07728CC}.Debug|Any CPU.ActiveCfg = Debug|Any CPU
		{759D8554-14AD-4648-9BAC-3924E07728CC}.Debug|Any CPU.Build.0 = Debug|Any CPU
		{759D8554-14AD-4648-9BAC-3924E07728CC}.Release|Any CPU.ActiveCfg = Release|Any CPU
		{759D8554-14AD-4648-9BAC-3924E07728CC}.Release|Any CPU.Build.0 = Release|Any CPU
		{BB79BBF3-5B45-413D-BF76-631DEEF860E2}.Debug|Any CPU.ActiveCfg = Debug|Any CPU
		{BB79BBF3-5B45-413D-BF76-631DEEF860E2}.Debug|Any CPU.Build.0 = Debug|Any CPU
		{BB79BBF3-5B45-413D-BF76-631DEEF860E2}.Release|Any CPU.ActiveCfg = Release|Any CPU
		{BB79BBF3-5B45-413D-BF76-631DEEF860E2}.Release|Any CPU.Build.0 = Release|Any CPU
		{AD1FC934-D023-43EA-914D-3D501F440D49}.Debug|Any CPU.ActiveCfg = Debug|Any CPU
		{AD1FC934-D023-43EA-914D-3D501F440D49}.Debug|Any CPU.Build.0 = Debug|Any CPU
		{AD1FC934-D023-43EA-914D-3D501F440D49}.Release|Any CPU.ActiveCfg = Release|Any CPU
		{AD1FC934-D023-43EA-914D-3D501F440D49}.Release|Any CPU.Build.0 = Release|Any CPU
		{68E6FBC7-E3B3-471D-98DC-9FFA39BEBC6B}.Debug|Any CPU.ActiveCfg = Debug|Any CPU
		{68E6FBC7-E3B3-471D-98DC-9FFA39BEBC6B}.Debug|Any CPU.Build.0 = Debug|Any CPU
		{68E6FBC7-E3B3-471D-98DC-9FFA39BEBC6B}.Release|Any CPU.ActiveCfg = Release|Any CPU
		{68E6FBC7-E3B3-471D-98DC-9FFA39BEBC6B}.Release|Any CPU.Build.0 = Release|Any CPU
		{887FC3F0-871F-483F-9FFC-8DA1C2A08E4C}.Debug|Any CPU.ActiveCfg = Debug|Any CPU
		{887FC3F0-871F-483F-9FFC-8DA1C2A08E4C}.Debug|Any CPU.Build.0 = Debug|Any CPU
		{887FC3F0-871F-483F-9FFC-8DA1C2A08E4C}.Release|Any CPU.ActiveCfg = Release|Any CPU
		{887FC3F0-871F-483F-9FFC-8DA1C2A08E4C}.Release|Any CPU.Build.0 = Release|Any CPU
		{4C1ACFFC-0935-465C-B262-C7ED2CA60478}.Debug|Any CPU.ActiveCfg = Debug|Any CPU
		{4C1ACFFC-0935-465C-B262-C7ED2CA60478}.Debug|Any CPU.Build.0 = Debug|Any CPU
		{4C1ACFFC-0935-465C-B262-C7ED2CA60478}.Release|Any CPU.ActiveCfg = Release|Any CPU
		{4C1ACFFC-0935-465C-B262-C7ED2CA60478}.Release|Any CPU.Build.0 = Release|Any CPU
		{804DEC93-D34A-4D25-B117-983EA3A2AA5C}.Debug|Any CPU.ActiveCfg = Debug|Any CPU
		{804DEC93-D34A-4D25-B117-983EA3A2AA5C}.Debug|Any CPU.Build.0 = Debug|Any CPU
		{804DEC93-D34A-4D25-B117-983EA3A2AA5C}.Release|Any CPU.ActiveCfg = Release|Any CPU
		{804DEC93-D34A-4D25-B117-983EA3A2AA5C}.Release|Any CPU.Build.0 = Release|Any CPU
		{A58881BB-886A-4B37-82F1-B786071A710C}.Debug|Any CPU.ActiveCfg = Debug|Any CPU
		{A58881BB-886A-4B37-82F1-B786071A710C}.Debug|Any CPU.Build.0 = Debug|Any CPU
		{A58881BB-886A-4B37-82F1-B786071A710C}.Release|Any CPU.ActiveCfg = Release|Any CPU
		{A58881BB-886A-4B37-82F1-B786071A710C}.Release|Any CPU.Build.0 = Release|Any CPU
		{A86B5B1B-B5A4-4C81-A15B-49E6AB2C78F6}.Debug|Any CPU.ActiveCfg = Debug|Any CPU
		{A86B5B1B-B5A4-4C81-A15B-49E6AB2C78F6}.Debug|Any CPU.Build.0 = Debug|Any CPU
		{A86B5B1B-B5A4-4C81-A15B-49E6AB2C78F6}.Release|Any CPU.ActiveCfg = Release|Any CPU
		{A86B5B1B-B5A4-4C81-A15B-49E6AB2C78F6}.Release|Any CPU.Build.0 = Release|Any CPU
		{0A6B835D-38FE-4BDA-A821-E69DC7F15E2A}.Debug|Any CPU.ActiveCfg = Debug|Any CPU
		{0A6B835D-38FE-4BDA-A821-E69DC7F15E2A}.Debug|Any CPU.Build.0 = Debug|Any CPU
		{0A6B835D-38FE-4BDA-A821-E69DC7F15E2A}.Release|Any CPU.ActiveCfg = Release|Any CPU
		{0A6B835D-38FE-4BDA-A821-E69DC7F15E2A}.Release|Any CPU.Build.0 = Release|Any CPU
		{1CD70433-1A7F-48B3-8B47-A78309BB93F4}.Debug|Any CPU.ActiveCfg = Debug|Any CPU
		{1CD70433-1A7F-48B3-8B47-A78309BB93F4}.Debug|Any CPU.Build.0 = Debug|Any CPU
		{1CD70433-1A7F-48B3-8B47-A78309BB93F4}.Release|Any CPU.ActiveCfg = Release|Any CPU
		{1CD70433-1A7F-48B3-8B47-A78309BB93F4}.Release|Any CPU.Build.0 = Release|Any CPU
		{8D79BB2A-F0C2-4B74-8445-7004A8695880}.Debug|Any CPU.ActiveCfg = Debug|Any CPU
		{8D79BB2A-F0C2-4B74-8445-7004A8695880}.Debug|Any CPU.Build.0 = Debug|Any CPU
		{8D79BB2A-F0C2-4B74-8445-7004A8695880}.Release|Any CPU.ActiveCfg = Release|Any CPU
		{8D79BB2A-F0C2-4B74-8445-7004A8695880}.Release|Any CPU.Build.0 = Release|Any CPU
		{2880E565-E124-42DA-8CC9-680A2223588A}.Debug|Any CPU.ActiveCfg = Debug|Any CPU
		{2880E565-E124-42DA-8CC9-680A2223588A}.Debug|Any CPU.Build.0 = Debug|Any CPU
		{2880E565-E124-42DA-8CC9-680A2223588A}.Release|Any CPU.ActiveCfg = Release|Any CPU
		{2880E565-E124-42DA-8CC9-680A2223588A}.Release|Any CPU.Build.0 = Release|Any CPU
		{174B8A6A-771E-4BE2-BB7F-4D315DCA739A}.Debug|Any CPU.ActiveCfg = Debug|Any CPU
		{174B8A6A-771E-4BE2-BB7F-4D315DCA739A}.Debug|Any CPU.Build.0 = Debug|Any CPU
		{174B8A6A-771E-4BE2-BB7F-4D315DCA739A}.Release|Any CPU.ActiveCfg = Release|Any CPU
		{174B8A6A-771E-4BE2-BB7F-4D315DCA739A}.Release|Any CPU.Build.0 = Release|Any CPU
		{EFA24605-BBB6-4C38-94D8-1A348F098913}.Debug|Any CPU.ActiveCfg = Debug|Any CPU
		{EFA24605-BBB6-4C38-94D8-1A348F098913}.Debug|Any CPU.Build.0 = Debug|Any CPU
		{EFA24605-BBB6-4C38-94D8-1A348F098913}.Release|Any CPU.ActiveCfg = Release|Any CPU
		{EFA24605-BBB6-4C38-94D8-1A348F098913}.Release|Any CPU.Build.0 = Release|Any CPU
		{87FF8B12-A0F7-430A-8C1F-3AA37726A5FA}.Debug|Any CPU.ActiveCfg = Debug|Any CPU
		{87FF8B12-A0F7-430A-8C1F-3AA37726A5FA}.Debug|Any CPU.Build.0 = Debug|Any CPU
		{87FF8B12-A0F7-430A-8C1F-3AA37726A5FA}.Release|Any CPU.ActiveCfg = Release|Any CPU
		{87FF8B12-A0F7-430A-8C1F-3AA37726A5FA}.Release|Any CPU.Build.0 = Release|Any CPU
		{1250CC0E-E8F8-453A-BA84-5C8FBD006142}.Debug|Any CPU.ActiveCfg = Debug|Any CPU
		{1250CC0E-E8F8-453A-BA84-5C8FBD006142}.Debug|Any CPU.Build.0 = Debug|Any CPU
		{1250CC0E-E8F8-453A-BA84-5C8FBD006142}.Release|Any CPU.ActiveCfg = Release|Any CPU
		{1250CC0E-E8F8-453A-BA84-5C8FBD006142}.Release|Any CPU.Build.0 = Release|Any CPU
		{BDBBEFB7-071B-456C-B1B4-45990D7812F1}.Debug|Any CPU.ActiveCfg = Debug|Any CPU
		{BDBBEFB7-071B-456C-B1B4-45990D7812F1}.Debug|Any CPU.Build.0 = Debug|Any CPU
		{BDBBEFB7-071B-456C-B1B4-45990D7812F1}.Release|Any CPU.ActiveCfg = Release|Any CPU
		{BDBBEFB7-071B-456C-B1B4-45990D7812F1}.Release|Any CPU.Build.0 = Release|Any CPU
		{84F1BE63-D2E4-45C9-97CA-B677080EF733}.Debug|Any CPU.ActiveCfg = Debug|Any CPU
		{84F1BE63-D2E4-45C9-97CA-B677080EF733}.Debug|Any CPU.Build.0 = Debug|Any CPU
		{84F1BE63-D2E4-45C9-97CA-B677080EF733}.Release|Any CPU.ActiveCfg = Release|Any CPU
		{84F1BE63-D2E4-45C9-97CA-B677080EF733}.Release|Any CPU.Build.0 = Release|Any CPU
		{B1FDD888-84E8-4BC0-8E9B-C27D9AD1539D}.Debug|Any CPU.ActiveCfg = Debug|Any CPU
		{B1FDD888-84E8-4BC0-8E9B-C27D9AD1539D}.Debug|Any CPU.Build.0 = Debug|Any CPU
		{B1FDD888-84E8-4BC0-8E9B-C27D9AD1539D}.Release|Any CPU.ActiveCfg = Release|Any CPU
		{B1FDD888-84E8-4BC0-8E9B-C27D9AD1539D}.Release|Any CPU.Build.0 = Release|Any CPU
		{09B3D432-E38D-4C0A-AF40-28B6E100166D}.Debug|Any CPU.ActiveCfg = Debug|Any CPU
		{09B3D432-E38D-4C0A-AF40-28B6E100166D}.Debug|Any CPU.Build.0 = Debug|Any CPU
		{09B3D432-E38D-4C0A-AF40-28B6E100166D}.Release|Any CPU.ActiveCfg = Release|Any CPU
		{09B3D432-E38D-4C0A-AF40-28B6E100166D}.Release|Any CPU.Build.0 = Release|Any CPU
		{F53A2CAD-3CA5-483C-BE0C-C1DE4CD6E4EA}.Debug|Any CPU.ActiveCfg = Debug|Any CPU
		{F53A2CAD-3CA5-483C-BE0C-C1DE4CD6E4EA}.Debug|Any CPU.Build.0 = Debug|Any CPU
		{F53A2CAD-3CA5-483C-BE0C-C1DE4CD6E4EA}.Release|Any CPU.ActiveCfg = Release|Any CPU
		{F53A2CAD-3CA5-483C-BE0C-C1DE4CD6E4EA}.Release|Any CPU.Build.0 = Release|Any CPU
		{B22A99F8-CA3D-42C4-B619-A5B4AE882398}.Debug|Any CPU.ActiveCfg = Debug|Any CPU
		{B22A99F8-CA3D-42C4-B619-A5B4AE882398}.Debug|Any CPU.Build.0 = Debug|Any CPU
		{B22A99F8-CA3D-42C4-B619-A5B4AE882398}.Release|Any CPU.ActiveCfg = Release|Any CPU
		{B22A99F8-CA3D-42C4-B619-A5B4AE882398}.Release|Any CPU.Build.0 = Release|Any CPU
		{A3EEC259-79D8-47E6-930F-3E762E0864D8}.Debug|Any CPU.ActiveCfg = Debug|Any CPU
		{A3EEC259-79D8-47E6-930F-3E762E0864D8}.Debug|Any CPU.Build.0 = Debug|Any CPU
		{A3EEC259-79D8-47E6-930F-3E762E0864D8}.Release|Any CPU.ActiveCfg = Release|Any CPU
		{A3EEC259-79D8-47E6-930F-3E762E0864D8}.Release|Any CPU.Build.0 = Release|Any CPU
		{6190B8D6-0E0D-4DF9-832D-D43D6B567C6B}.Debug|Any CPU.ActiveCfg = Debug|Any CPU
		{6190B8D6-0E0D-4DF9-832D-D43D6B567C6B}.Debug|Any CPU.Build.0 = Debug|Any CPU
		{6190B8D6-0E0D-4DF9-832D-D43D6B567C6B}.Release|Any CPU.ActiveCfg = Release|Any CPU
		{6190B8D6-0E0D-4DF9-832D-D43D6B567C6B}.Release|Any CPU.Build.0 = Release|Any CPU
		{360B9480-54DC-4417-B6F1-097C677D98BB}.Debug|Any CPU.ActiveCfg = Debug|Any CPU
		{360B9480-54DC-4417-B6F1-097C677D98BB}.Debug|Any CPU.Build.0 = Debug|Any CPU
		{360B9480-54DC-4417-B6F1-097C677D98BB}.Release|Any CPU.ActiveCfg = Release|Any CPU
		{360B9480-54DC-4417-B6F1-097C677D98BB}.Release|Any CPU.Build.0 = Release|Any CPU
		{07D430E5-D71B-4598-A335-1639462CC6A1}.Debug|Any CPU.ActiveCfg = Debug|Any CPU
		{07D430E5-D71B-4598-A335-1639462CC6A1}.Debug|Any CPU.Build.0 = Debug|Any CPU
		{07D430E5-D71B-4598-A335-1639462CC6A1}.Release|Any CPU.ActiveCfg = Release|Any CPU
		{07D430E5-D71B-4598-A335-1639462CC6A1}.Release|Any CPU.Build.0 = Release|Any CPU
		{2AB0565D-B50B-43C4-9CF3-FAD9C2174586}.Debug|Any CPU.ActiveCfg = Debug|Any CPU
		{2AB0565D-B50B-43C4-9CF3-FAD9C2174586}.Debug|Any CPU.Build.0 = Debug|Any CPU
		{2AB0565D-B50B-43C4-9CF3-FAD9C2174586}.Release|Any CPU.ActiveCfg = Release|Any CPU
		{2AB0565D-B50B-43C4-9CF3-FAD9C2174586}.Release|Any CPU.Build.0 = Release|Any CPU
		{C28DA53C-63BD-4D8C-9B8C-5665D33F516A}.Debug|Any CPU.ActiveCfg = Debug|Any CPU
		{C28DA53C-63BD-4D8C-9B8C-5665D33F516A}.Debug|Any CPU.Build.0 = Debug|Any CPU
		{C28DA53C-63BD-4D8C-9B8C-5665D33F516A}.Release|Any CPU.ActiveCfg = Release|Any CPU
		{C28DA53C-63BD-4D8C-9B8C-5665D33F516A}.Release|Any CPU.Build.0 = Release|Any CPU
		{FC405BC9-B338-4291-913F-5B57C7F3B3BA}.Debug|Any CPU.ActiveCfg = Debug|Any CPU
		{FC405BC9-B338-4291-913F-5B57C7F3B3BA}.Debug|Any CPU.Build.0 = Debug|Any CPU
		{FC405BC9-B338-4291-913F-5B57C7F3B3BA}.Release|Any CPU.ActiveCfg = Release|Any CPU
		{FC405BC9-B338-4291-913F-5B57C7F3B3BA}.Release|Any CPU.Build.0 = Release|Any CPU
		{DC6B72B1-490D-471E-B899-85161FE6BD5B}.Debug|Any CPU.ActiveCfg = Debug|Any CPU
		{DC6B72B1-490D-471E-B899-85161FE6BD5B}.Debug|Any CPU.Build.0 = Debug|Any CPU
		{DC6B72B1-490D-471E-B899-85161FE6BD5B}.Release|Any CPU.ActiveCfg = Release|Any CPU
		{DC6B72B1-490D-471E-B899-85161FE6BD5B}.Release|Any CPU.Build.0 = Release|Any CPU
		{D04435D9-E883-4EF0-BBA0-63FDB0D987B8}.Debug|Any CPU.ActiveCfg = Debug|Any CPU
		{D04435D9-E883-4EF0-BBA0-63FDB0D987B8}.Debug|Any CPU.Build.0 = Debug|Any CPU
		{D04435D9-E883-4EF0-BBA0-63FDB0D987B8}.Release|Any CPU.ActiveCfg = Release|Any CPU
		{D04435D9-E883-4EF0-BBA0-63FDB0D987B8}.Release|Any CPU.Build.0 = Release|Any CPU
		{56655A78-5DCA-4537-AB5C-FBFAA56F0239}.Debug|Any CPU.ActiveCfg = Debug|Any CPU
		{56655A78-5DCA-4537-AB5C-FBFAA56F0239}.Debug|Any CPU.Build.0 = Debug|Any CPU
		{56655A78-5DCA-4537-AB5C-FBFAA56F0239}.Release|Any CPU.ActiveCfg = Release|Any CPU
		{56655A78-5DCA-4537-AB5C-FBFAA56F0239}.Release|Any CPU.Build.0 = Release|Any CPU
	EndGlobalSection
EndGlobal
