
Microsoft Visual Studio Solution File, Format Version 12.00
# Visual Studio Version 16
VisualStudioVersion = 16.0.29306.81
MinimumVisualStudioVersion = 10.0.40219.1
Project("{FAE04EC0-301F-11D3-BF4B-00C04F79EFBC}") = "JumpingOnTheCloudsRevisited", "JumpingOnTheCloudsRevisited\JumpingOnTheCloudsRevisited.csproj", "{C9C78C26-C16E-4EB9-9D15-34FD45034C1D}"
EndProject
Global
	GlobalSection(SolutionConfigurationPlatforms) = preSolution
		Debug|Any CPU = Debug|Any CPU
		Release|Any CPU = Release|Any CPU
	EndGlobalSection
	GlobalSection(ProjectConfigurationPlatforms) = postSolution
		{C9C78C26-C16E-4EB9-9D15-34FD45034C1D}.Debug|Any CPU.ActiveCfg = Debug|Any CPU
		{C9C78C26-C16E-4EB9-9D15-34FD45034C1D}.Debug|Any CPU.Build.0 = Debug|Any CPU
		{C9C78C26-C16E-4EB9-9D15-34FD45034C1D}.Release|Any CPU.ActiveCfg = Release|Any CPU
		{C9C78C26-C16E-4EB9-9D15-34FD45034C1D}.Release|Any CPU.Build.0 = Release|Any CPU
	EndGlobalSection
	GlobalSection(SolutionProperties) = preSolution
		HideSolutionNode = FALSE
	EndGlobalSection
	GlobalSection(ExtensibilityGlobals) = postSolution
		SolutionGuid = {AC34C132-8811-47DC-9567-01F9B9C8E06A}
	EndGlobalSection
EndGlobal
