
Microsoft Visual Studio Solution File, Format Version 12.00
# Visual Studio Version 16
VisualStudioVersion = 16.0.29102.190
MinimumVisualStudioVersion = 10.0.40219.1
Project("{FAE04EC0-301F-11D3-BF4B-00C04F79EFBC}") = "DivisibleSumPairs", "DivisibleSumPairs\DivisibleSumPairs.csproj", "{716C5FA3-579F-4D83-A981-72753EE3C962}"
EndProject
Global
	GlobalSection(SolutionConfigurationPlatforms) = preSolution
		Debug|Any CPU = Debug|Any CPU
		Release|Any CPU = Release|Any CPU
	EndGlobalSection
	GlobalSection(ProjectConfigurationPlatforms) = postSolution
		{716C5FA3-579F-4D83-A981-72753EE3C962}.Debug|Any CPU.ActiveCfg = Debug|Any CPU
		{716C5FA3-579F-4D83-A981-72753EE3C962}.Debug|Any CPU.Build.0 = Debug|Any CPU
		{716C5FA3-579F-4D83-A981-72753EE3C962}.Release|Any CPU.ActiveCfg = Release|Any CPU
		{716C5FA3-579F-4D83-A981-72753EE3C962}.Release|Any CPU.Build.0 = Release|Any CPU
	EndGlobalSection
	GlobalSection(SolutionProperties) = preSolution
		HideSolutionNode = FALSE
	EndGlobalSection
	GlobalSection(ExtensibilityGlobals) = postSolution
		SolutionGuid = {FE5EDACD-885B-44AB-8C50-2C3C9F0BD523}
	EndGlobalSection
EndGlobal
