
Microsoft Visual Studio Solution File, Format Version 12.00
# Visual Studio Version 16
VisualStudioVersion = 16.0.29418.71
MinimumVisualStudioVersion = 10.0.40219.1
Project("{FAE04EC0-301F-11D3-BF4B-00C04F79EFBC}") = "BubbleSort", "BubbleSort\BubbleSort.csproj", "{D5DB9F51-3E33-45BE-9B85-CAB2E727870D}"
EndProject
Global
	GlobalSection(SolutionConfigurationPlatforms) = preSolution
		Debug|Any CPU = Debug|Any CPU
		Release|Any CPU = Release|Any CPU
	EndGlobalSection
	GlobalSection(ProjectConfigurationPlatforms) = postSolution
		{D5DB9F51-3E33-45BE-9B85-CAB2E727870D}.Debug|Any CPU.ActiveCfg = Debug|Any CPU
		{D5DB9F51-3E33-45BE-9B85-CAB2E727870D}.Debug|Any CPU.Build.0 = Debug|Any CPU
		{D5DB9F51-3E33-45BE-9B85-CAB2E727870D}.Release|Any CPU.ActiveCfg = Release|Any CPU
		{D5DB9F51-3E33-45BE-9B85-CAB2E727870D}.Release|Any CPU.Build.0 = Release|Any CPU
	EndGlobalSection
	GlobalSection(SolutionProperties) = preSolution
		HideSolutionNode = FALSE
	EndGlobalSection
	GlobalSection(ExtensibilityGlobals) = postSolution
		SolutionGuid = {BCE563C1-768A-4CA2-B296-0794FCE79844}
	EndGlobalSection
EndGlobal
