
Microsoft Visual Studio Solution File, Format Version 12.00
# Visual Studio Version 16
VisualStudioVersion = 16.0.29102.190
MinimumVisualStudioVersion = 10.0.40219.1
Project("{FAE04EC0-301F-11D3-BF4B-00C04F79EFBC}") = "ElectronicsShop", "ElectronicsShop\ElectronicsShop.csproj", "{1FB70B1E-A5E2-468F-8DD7-8FAE911C4F23}"
EndProject
Global
	GlobalSection(SolutionConfigurationPlatforms) = preSolution
		Debug|Any CPU = Debug|Any CPU
		Release|Any CPU = Release|Any CPU
	EndGlobalSection
	GlobalSection(ProjectConfigurationPlatforms) = postSolution
		{1FB70B1E-A5E2-468F-8DD7-8FAE911C4F23}.Debug|Any CPU.ActiveCfg = Debug|Any CPU
		{1FB70B1E-A5E2-468F-8DD7-8FAE911C4F23}.Debug|Any CPU.Build.0 = Debug|Any CPU
		{1FB70B1E-A5E2-468F-8DD7-8FAE911C4F23}.Release|Any CPU.ActiveCfg = Release|Any CPU
		{1FB70B1E-A5E2-468F-8DD7-8FAE911C4F23}.Release|Any CPU.Build.0 = Release|Any CPU
	EndGlobalSection
	GlobalSection(SolutionProperties) = preSolution
		HideSolutionNode = FALSE
	EndGlobalSection
	GlobalSection(ExtensibilityGlobals) = postSolution
		SolutionGuid = {4B2F1F3B-D63F-4B9A-BCB3-7AD61FA5DD22}
	EndGlobalSection
EndGlobal
