
Microsoft Visual Studio Solution File, Format Version 12.00
# Visual Studio Version 16
VisualStudioVersion = 16.0.30225.117
MinimumVisualStudioVersion = 10.0.40219.1
Project("{FAE04EC0-301F-11D3-BF4B-00C04F79EFBC}") = "MinimumSwaps2", "MinimumSwaps2\MinimumSwaps2.csproj", "{7DBF0941-BD86-4420-816F-FCDA8FE3F1BA}"
EndProject
Global
	GlobalSection(SolutionConfigurationPlatforms) = preSolution
		Debug|Any CPU = Debug|Any CPU
		Release|Any CPU = Release|Any CPU
	EndGlobalSection
	GlobalSection(ProjectConfigurationPlatforms) = postSolution
		{7DBF0941-BD86-4420-816F-FCDA8FE3F1BA}.Debug|Any CPU.ActiveCfg = Debug|Any CPU
		{7DBF0941-BD86-4420-816F-FCDA8FE3F1BA}.Debug|Any CPU.Build.0 = Debug|Any CPU
		{7DBF0941-BD86-4420-816F-FCDA8FE3F1BA}.Release|Any CPU.ActiveCfg = Release|Any CPU
		{7DBF0941-BD86-4420-816F-FCDA8FE3F1BA}.Release|Any CPU.Build.0 = Release|Any CPU
	EndGlobalSection
	GlobalSection(SolutionProperties) = preSolution
		HideSolutionNode = FALSE
	EndGlobalSection
	GlobalSection(ExtensibilityGlobals) = postSolution
		SolutionGuid = {F3FB4F63-F39C-4CC2-80E8-CD27E81A13B7}
	EndGlobalSection
EndGlobal
