
Microsoft Visual Studio Solution File, Format Version 12.00
# Visual Studio Version 16
VisualStudioVersion = 16.0.29102.190
MinimumVisualStudioVersion = 10.0.40219.1
Project("{FAE04EC0-301F-11D3-BF4B-00C04F79EFBC}") = "TheAverageRatingOfTopEmployees", "TheAverageRatingOfTopEmployees\TheAverageRatingOfTopEmployees.csproj", "{1250CC0E-E8F8-453A-BA84-5C8FBD006142}"
EndProject
Global
	GlobalSection(SolutionConfigurationPlatforms) = preSolution
		Debug|Any CPU = Debug|Any CPU
		Release|Any CPU = Release|Any CPU
	EndGlobalSection
	GlobalSection(ProjectConfigurationPlatforms) = postSolution
		{1250CC0E-E8F8-453A-BA84-5C8FBD006142}.Debug|Any CPU.ActiveCfg = Debug|Any CPU
		{1250CC0E-E8F8-453A-BA84-5C8FBD006142}.Debug|Any CPU.Build.0 = Debug|Any CPU
		{1250CC0E-E8F8-453A-BA84-5C8FBD006142}.Release|Any CPU.ActiveCfg = Release|Any CPU
		{1250CC0E-E8F8-453A-BA84-5C8FBD006142}.Release|Any CPU.Build.0 = Release|Any CPU
	EndGlobalSection
	GlobalSection(SolutionProperties) = preSolution
		HideSolutionNode = FALSE
	EndGlobalSection
	GlobalSection(ExtensibilityGlobals) = postSolution
		SolutionGuid = {58D8BEAE-092F-4589-92CA-6C3D17F3483B}
	EndGlobalSection
EndGlobal
