
Microsoft Visual Studio Solution File, Format Version 12.00
# Visual Studio Version 16
VisualStudioVersion = 16.0.30225.117
MinimumVisualStudioVersion = 10.0.40219.1
Project("{FAE04EC0-301F-11D3-BF4B-00C04F79EFBC}") = "LeftRotation", "LeftRotation\LeftRotation.csproj", "{20A27CB9-D756-4E57-9E54-61A67BE47657}"
EndProject
Global
	GlobalSection(SolutionConfigurationPlatforms) = preSolution
		Debug|Any CPU = Debug|Any CPU
		Release|Any CPU = Release|Any CPU
	EndGlobalSection
	GlobalSection(ProjectConfigurationPlatforms) = postSolution
		{20A27CB9-D756-4E57-9E54-61A67BE47657}.Debug|Any CPU.ActiveCfg = Debug|Any CPU
		{20A27CB9-D756-4E57-9E54-61A67BE47657}.Debug|Any CPU.Build.0 = Debug|Any CPU
		{20A27CB9-D756-4E57-9E54-61A67BE47657}.Release|Any CPU.ActiveCfg = Release|Any CPU
		{20A27CB9-D756-4E57-9E54-61A67BE47657}.Release|Any CPU.Build.0 = Release|Any CPU
	EndGlobalSection
	GlobalSection(SolutionProperties) = preSolution
		HideSolutionNode = FALSE
	EndGlobalSection
	GlobalSection(ExtensibilityGlobals) = postSolution
		SolutionGuid = {DEBA3B54-93BA-4FC0-85B9-5C2E7059B666}
	EndGlobalSection
EndGlobal
