
Microsoft Visual Studio Solution File, Format Version 12.00
# Visual Studio Version 16
VisualStudioVersion = 16.0.29306.81
MinimumVisualStudioVersion = 10.0.40219.1
Project("{FAE04EC0-301F-11D3-BF4B-00C04F79EFBC}") = "CircularArrayRotation", "CircularArrayRotation\CircularArrayRotation.csproj", "{A74A15AE-257C-4823-B1DC-C25D45600169}"
EndProject
Global
	GlobalSection(SolutionConfigurationPlatforms) = preSolution
		Debug|Any CPU = Debug|Any CPU
		Release|Any CPU = Release|Any CPU
	EndGlobalSection
	GlobalSection(ProjectConfigurationPlatforms) = postSolution
		{A74A15AE-257C-4823-B1DC-C25D45600169}.Debug|Any CPU.ActiveCfg = Debug|Any CPU
		{A74A15AE-257C-4823-B1DC-C25D45600169}.Debug|Any CPU.Build.0 = Debug|Any CPU
		{A74A15AE-257C-4823-B1DC-C25D45600169}.Release|Any CPU.ActiveCfg = Release|Any CPU
		{A74A15AE-257C-4823-B1DC-C25D45600169}.Release|Any CPU.Build.0 = Release|Any CPU
	EndGlobalSection
	GlobalSection(SolutionProperties) = preSolution
		HideSolutionNode = FALSE
	EndGlobalSection
	GlobalSection(ExtensibilityGlobals) = postSolution
		SolutionGuid = {DCEBB701-2419-4752-99F0-F3509E1725FD}
	EndGlobalSection
EndGlobal
