
Microsoft Visual Studio Solution File, Format Version 12.00
# Visual Studio Version 16
VisualStudioVersion = 16.0.30225.117
MinimumVisualStudioVersion = 10.0.40219.1
Project("{FAE04EC0-301F-11D3-BF4B-00C04F79EFBC}") = "SparseArrays", "SparseArrays\SparseArrays.csproj", "{94BBF8E7-CCEE-4992-BA0C-A0B527DDDB75}"
EndProject
Global
	GlobalSection(SolutionConfigurationPlatforms) = preSolution
		Debug|Any CPU = Debug|Any CPU
		Release|Any CPU = Release|Any CPU
	EndGlobalSection
	GlobalSection(ProjectConfigurationPlatforms) = postSolution
		{94BBF8E7-CCEE-4992-BA0C-A0B527DDDB75}.Debug|Any CPU.ActiveCfg = Debug|Any CPU
		{94BBF8E7-CCEE-4992-BA0C-A0B527DDDB75}.Debug|Any CPU.Build.0 = Debug|Any CPU
		{94BBF8E7-CCEE-4992-BA0C-A0B527DDDB75}.Release|Any CPU.ActiveCfg = Release|Any CPU
		{94BBF8E7-CCEE-4992-BA0C-A0B527DDDB75}.Release|Any CPU.Build.0 = Release|Any CPU
	EndGlobalSection
	GlobalSection(SolutionProperties) = preSolution
		HideSolutionNode = FALSE
	EndGlobalSection
	GlobalSection(ExtensibilityGlobals) = postSolution
		SolutionGuid = {D8D04B0E-02D6-40DE-844B-1CE6E0C0D6D5}
	EndGlobalSection
EndGlobal
