
Microsoft Visual Studio Solution File, Format Version 12.00
# Visual Studio Version 16
VisualStudioVersion = 16.0.29418.71
MinimumVisualStudioVersion = 10.0.40219.1
Project("{FAE04EC0-301F-11D3-BF4B-00C04F79EFBC}") = "TheTimeInWords", "TheTimeInWords\TheTimeInWords.csproj", "{2B4F8B9F-B21C-46E1-A710-11279FA61AE5}"
EndProject
Global
	GlobalSection(SolutionConfigurationPlatforms) = preSolution
		Debug|Any CPU = Debug|Any CPU
		Release|Any CPU = Release|Any CPU
	EndGlobalSection
	GlobalSection(ProjectConfigurationPlatforms) = postSolution
		{2B4F8B9F-B21C-46E1-A710-11279FA61AE5}.Debug|Any CPU.ActiveCfg = Debug|Any CPU
		{2B4F8B9F-B21C-46E1-A710-11279FA61AE5}.Debug|Any CPU.Build.0 = Debug|Any CPU
		{2B4F8B9F-B21C-46E1-A710-11279FA61AE5}.Release|Any CPU.ActiveCfg = Release|Any CPU
		{2B4F8B9F-B21C-46E1-A710-11279FA61AE5}.Release|Any CPU.Build.0 = Release|Any CPU
	EndGlobalSection
	GlobalSection(SolutionProperties) = preSolution
		HideSolutionNode = FALSE
	EndGlobalSection
	GlobalSection(ExtensibilityGlobals) = postSolution
		SolutionGuid = {5E335672-A9DE-4CFD-BDCF-12B3B2354D13}
	EndGlobalSection
EndGlobal
