
Microsoft Visual Studio Solution File, Format Version 12.00
# Visual Studio Version 16
VisualStudioVersion = 16.0.29102.190
MinimumVisualStudioVersion = 10.0.40219.1
Project("{FAE04EC0-301F-11D3-BF4B-00C04F79EFBC}") = "DrawingBook", "DrawingBook\DrawingBook.csproj", "{C051A59B-F0E8-4B7F-A11E-3B140A42F991}"
EndProject
Global
	GlobalSection(SolutionConfigurationPlatforms) = preSolution
		Debug|Any CPU = Debug|Any CPU
		Release|Any CPU = Release|Any CPU
	EndGlobalSection
	GlobalSection(ProjectConfigurationPlatforms) = postSolution
		{C051A59B-F0E8-4B7F-A11E-3B140A42F991}.Debug|Any CPU.ActiveCfg = Debug|Any CPU
		{C051A59B-F0E8-4B7F-A11E-3B140A42F991}.Debug|Any CPU.Build.0 = Debug|Any CPU
		{C051A59B-F0E8-4B7F-A11E-3B140A42F991}.Release|Any CPU.ActiveCfg = Release|Any CPU
		{C051A59B-F0E8-4B7F-A11E-3B140A42F991}.Release|Any CPU.Build.0 = Release|Any CPU
	EndGlobalSection
	GlobalSection(SolutionProperties) = preSolution
		HideSolutionNode = FALSE
	EndGlobalSection
	GlobalSection(ExtensibilityGlobals) = postSolution
		SolutionGuid = {F6006240-4D88-4EE6-A523-3AB368968B0D}
	EndGlobalSection
EndGlobal
